
Microsoft Visual Studio Solution File, Format Version 12.00
# Visual Studio 14
VisualStudioVersion = 14.0.24720.0
MinimumVisualStudioVersion = 10.0.40219.1
Project("{FAE04EC0-301F-11D3-BF4B-00C04F79EFBC}") = "CSharpPartOne", "CSharpPartOne\CSharpPartOne.csproj", "{D82E6142-7509-422A-AF2D-C15F15D1ABF5}"
EndProject
Project("{FAE04EC0-301F-11D3-BF4B-00C04F79EFBC}") = "PrintingNumbers", "PrintingNumbers\PrintingNumbers.csproj", "{7E219880-B997-4CC2-9A10-D52F05805CB2}"
EndProject
Project("{FAE04EC0-301F-11D3-BF4B-00C04F79EFBC}") = "SquareRoot", "SquareRoot\SquareRoot.csproj", "{50864A78-70FC-4EAF-9DFE-3FD16E3A0A93}"
EndProject
Project("{FAE04EC0-301F-11D3-BF4B-00C04F79EFBC}") = "SeQuance", "SeQuance\SeQuance.csproj", "{D3CA5859-9DF3-445B-B996-7FB3D55D8267}"
EndProject
Project("{FAE04EC0-301F-11D3-BF4B-00C04F79EFBC}") = "Age", "Age\Age.csproj", "{C987F1B6-155C-42E9-860D-3AE4EFABEDE9}"
EndProject
Project("{FAE04EC0-301F-11D3-BF4B-00C04F79EFBC}") = "LongSequance", "LongSequance\LongSequance.csproj", "{4656340D-4154-430F-A861-DED9123AAFEF}"
EndProject
Project("{FAE04EC0-301F-11D3-BF4B-00C04F79EFBC}") = "UseProgram", "UseProgram\UseProgram.csproj", "{A54C309C-552B-47BD-A2EC-A3BF32E27C87}"
EndProject
Project("{FAE04EC0-301F-11D3-BF4B-00C04F79EFBC}") = "CompareFloats", "CompareFloats\CompareFloats.csproj", "{41F40747-3D9B-441A-B753-269FB4644D63}"
EndProject
Project("{FAE04EC0-301F-11D3-BF4B-00C04F79EFBC}") = "AsciiChars", "AsciiChars\AsciiChars.csproj", "{3D796F97-1D54-407F-B8F5-9AC08D1F52DF}"
EndProject
Project("{FAE04EC0-301F-11D3-BF4B-00C04F79EFBC}") = "ODDEVN", "ODDEVN\ODDEVN.csproj", "{678EFA64-B0E9-486D-B5E5-49096B62325D}"
EndProject
Project("{FAE04EC0-301F-11D3-BF4B-00C04F79EFBC}") = "MoonWight", "MoonWight\MoonWight.csproj", "{4AC7E69A-4D74-41C6-8000-22F1C0443D3F}"
EndProject
Project("{FAE04EC0-301F-11D3-BF4B-00C04F79EFBC}") = "DevideBy7And5", "DevideBy7And5\DevideBy7And5.csproj", "{B4723635-8D52-4AEA-A31D-8CC1A623F643}"
EndProject
Project("{FAE04EC0-301F-11D3-BF4B-00C04F79EFBC}") = "Rectangle", "Rectangle\Rectangle.csproj", "{D58F7CF1-0DEE-4BA0-8855-89B9C790D511}"
EndProject
Project("{FAE04EC0-301F-11D3-BF4B-00C04F79EFBC}") = "3Digit", "3Digit\3Digit.csproj", "{CF651AC3-939D-43AC-B538-E5C0B3DDCB7F}"
EndProject
Project("{FAE04EC0-301F-11D3-BF4B-00C04F79EFBC}") = "Digit7", "Digit7\Digit7.csproj", "{9F2C852A-3964-4151-A3E4-62BA37B65ABD}"
EndProject
Project("{FAE04EC0-301F-11D3-BF4B-00C04F79EFBC}") = "FourDigit", "FourDigit\FourDigit.csproj", "{19A720C0-26FD-4E8C-9F42-64704CA17116}"
EndProject
Project("{FAE04EC0-301F-11D3-BF4B-00C04F79EFBC}") = "PointInCircle", "PointInCircle\PointInCircle.csproj", "{FD4B83B3-DF8D-490D-B296-8FAE0A5373B2}"
EndProject
Project("{FAE04EC0-301F-11D3-BF4B-00C04F79EFBC}") = "Prime", "Prime\Prime.csproj", "{9C6B571E-E38A-4E43-B1B4-5A164E4B5FD9}"
EndProject
Global
	GlobalSection(SolutionConfigurationPlatforms) = preSolution
		Debug|Any CPU = Debug|Any CPU
		Release|Any CPU = Release|Any CPU
	EndGlobalSection
	GlobalSection(ProjectConfigurationPlatforms) = postSolution
		{D82E6142-7509-422A-AF2D-C15F15D1ABF5}.Debug|Any CPU.ActiveCfg = Debug|Any CPU
		{D82E6142-7509-422A-AF2D-C15F15D1ABF5}.Debug|Any CPU.Build.0 = Debug|Any CPU
		{D82E6142-7509-422A-AF2D-C15F15D1ABF5}.Release|Any CPU.ActiveCfg = Release|Any CPU
		{D82E6142-7509-422A-AF2D-C15F15D1ABF5}.Release|Any CPU.Build.0 = Release|Any CPU
		{7E219880-B997-4CC2-9A10-D52F05805CB2}.Debug|Any CPU.ActiveCfg = Debug|Any CPU
		{7E219880-B997-4CC2-9A10-D52F05805CB2}.Debug|Any CPU.Build.0 = Debug|Any CPU
		{7E219880-B997-4CC2-9A10-D52F05805CB2}.Release|Any CPU.ActiveCfg = Release|Any CPU
		{7E219880-B997-4CC2-9A10-D52F05805CB2}.Release|Any CPU.Build.0 = Release|Any CPU
		{50864A78-70FC-4EAF-9DFE-3FD16E3A0A93}.Debug|Any CPU.ActiveCfg = Debug|Any CPU
		{50864A78-70FC-4EAF-9DFE-3FD16E3A0A93}.Debug|Any CPU.Build.0 = Debug|Any CPU
		{50864A78-70FC-4EAF-9DFE-3FD16E3A0A93}.Release|Any CPU.ActiveCfg = Release|Any CPU
		{50864A78-70FC-4EAF-9DFE-3FD16E3A0A93}.Release|Any CPU.Build.0 = Release|Any CPU
		{D3CA5859-9DF3-445B-B996-7FB3D55D8267}.Debug|Any CPU.ActiveCfg = Debug|Any CPU
		{D3CA5859-9DF3-445B-B996-7FB3D55D8267}.Debug|Any CPU.Build.0 = Debug|Any CPU
		{D3CA5859-9DF3-445B-B996-7FB3D55D8267}.Release|Any CPU.ActiveCfg = Release|Any CPU
		{D3CA5859-9DF3-445B-B996-7FB3D55D8267}.Release|Any CPU.Build.0 = Release|Any CPU
		{C987F1B6-155C-42E9-860D-3AE4EFABEDE9}.Debug|Any CPU.ActiveCfg = Debug|Any CPU
		{C987F1B6-155C-42E9-860D-3AE4EFABEDE9}.Debug|Any CPU.Build.0 = Debug|Any CPU
		{C987F1B6-155C-42E9-860D-3AE4EFABEDE9}.Release|Any CPU.ActiveCfg = Release|Any CPU
		{C987F1B6-155C-42E9-860D-3AE4EFABEDE9}.Release|Any CPU.Build.0 = Release|Any CPU
		{4656340D-4154-430F-A861-DED9123AAFEF}.Debug|Any CPU.ActiveCfg = Debug|Any CPU
		{4656340D-4154-430F-A861-DED9123AAFEF}.Debug|Any CPU.Build.0 = Debug|Any CPU
		{4656340D-4154-430F-A861-DED9123AAFEF}.Release|Any CPU.ActiveCfg = Release|Any CPU
		{4656340D-4154-430F-A861-DED9123AAFEF}.Release|Any CPU.Build.0 = Release|Any CPU
		{A54C309C-552B-47BD-A2EC-A3BF32E27C87}.Debug|Any CPU.ActiveCfg = Debug|Any CPU
		{A54C309C-552B-47BD-A2EC-A3BF32E27C87}.Debug|Any CPU.Build.0 = Debug|Any CPU
		{A54C309C-552B-47BD-A2EC-A3BF32E27C87}.Release|Any CPU.ActiveCfg = Release|Any CPU
		{A54C309C-552B-47BD-A2EC-A3BF32E27C87}.Release|Any CPU.Build.0 = Release|Any CPU
		{41F40747-3D9B-441A-B753-269FB4644D63}.Debug|Any CPU.ActiveCfg = Debug|Any CPU
		{41F40747-3D9B-441A-B753-269FB4644D63}.Debug|Any CPU.Build.0 = Debug|Any CPU
		{41F40747-3D9B-441A-B753-269FB4644D63}.Release|Any CPU.ActiveCfg = Release|Any CPU
		{41F40747-3D9B-441A-B753-269FB4644D63}.Release|Any CPU.Build.0 = Release|Any CPU
		{3D796F97-1D54-407F-B8F5-9AC08D1F52DF}.Debug|Any CPU.ActiveCfg = Debug|Any CPU
		{3D796F97-1D54-407F-B8F5-9AC08D1F52DF}.Debug|Any CPU.Build.0 = Debug|Any CPU
		{3D796F97-1D54-407F-B8F5-9AC08D1F52DF}.Release|Any CPU.ActiveCfg = Release|Any CPU
		{3D796F97-1D54-407F-B8F5-9AC08D1F52DF}.Release|Any CPU.Build.0 = Release|Any CPU
		{678EFA64-B0E9-486D-B5E5-49096B62325D}.Debug|Any CPU.ActiveCfg = Debug|Any CPU
		{678EFA64-B0E9-486D-B5E5-49096B62325D}.Debug|Any CPU.Build.0 = Debug|Any CPU
		{678EFA64-B0E9-486D-B5E5-49096B62325D}.Release|Any CPU.ActiveCfg = Release|Any CPU
		{678EFA64-B0E9-486D-B5E5-49096B62325D}.Release|Any CPU.Build.0 = Release|Any CPU
		{4AC7E69A-4D74-41C6-8000-22F1C0443D3F}.Debug|Any CPU.ActiveCfg = Debug|Any CPU
		{4AC7E69A-4D74-41C6-8000-22F1C0443D3F}.Debug|Any CPU.Build.0 = Debug|Any CPU
		{4AC7E69A-4D74-41C6-8000-22F1C0443D3F}.Release|Any CPU.ActiveCfg = Release|Any CPU
		{4AC7E69A-4D74-41C6-8000-22F1C0443D3F}.Release|Any CPU.Build.0 = Release|Any CPU
		{B4723635-8D52-4AEA-A31D-8CC1A623F643}.Debug|Any CPU.ActiveCfg = Debug|Any CPU
		{B4723635-8D52-4AEA-A31D-8CC1A623F643}.Debug|Any CPU.Build.0 = Debug|Any CPU
		{B4723635-8D52-4AEA-A31D-8CC1A623F643}.Release|Any CPU.ActiveCfg = Release|Any CPU
		{B4723635-8D52-4AEA-A31D-8CC1A623F643}.Release|Any CPU.Build.0 = Release|Any CPU
		{D58F7CF1-0DEE-4BA0-8855-89B9C790D511}.Debug|Any CPU.ActiveCfg = Debug|Any CPU
		{D58F7CF1-0DEE-4BA0-8855-89B9C790D511}.Debug|Any CPU.Build.0 = Debug|Any CPU
		{D58F7CF1-0DEE-4BA0-8855-89B9C790D511}.Release|Any CPU.ActiveCfg = Release|Any CPU
		{D58F7CF1-0DEE-4BA0-8855-89B9C790D511}.Release|Any CPU.Build.0 = Release|Any CPU
		{CF651AC3-939D-43AC-B538-E5C0B3DDCB7F}.Debug|Any CPU.ActiveCfg = Debug|Any CPU
		{CF651AC3-939D-43AC-B538-E5C0B3DDCB7F}.Debug|Any CPU.Build.0 = Debug|Any CPU
		{CF651AC3-939D-43AC-B538-E5C0B3DDCB7F}.Release|Any CPU.ActiveCfg = Release|Any CPU
		{CF651AC3-939D-43AC-B538-E5C0B3DDCB7F}.Release|Any CPU.Build.0 = Release|Any CPU
		{9F2C852A-3964-4151-A3E4-62BA37B65ABD}.Debug|Any CPU.ActiveCfg = Debug|Any CPU
		{9F2C852A-3964-4151-A3E4-62BA37B65ABD}.Debug|Any CPU.Build.0 = Debug|Any CPU
		{9F2C852A-3964-4151-A3E4-62BA37B65ABD}.Release|Any CPU.ActiveCfg = Release|Any CPU
		{9F2C852A-3964-4151-A3E4-62BA37B65ABD}.Release|Any CPU.Build.0 = Release|Any CPU
		{19A720C0-26FD-4E8C-9F42-64704CA17116}.Debug|Any CPU.ActiveCfg = Debug|Any CPU
		{19A720C0-26FD-4E8C-9F42-64704CA17116}.Debug|Any CPU.Build.0 = Debug|Any CPU
		{19A720C0-26FD-4E8C-9F42-64704CA17116}.Release|Any CPU.ActiveCfg = Release|Any CPU
		{19A720C0-26FD-4E8C-9F42-64704CA17116}.Release|Any CPU.Build.0 = Release|Any CPU
		{FD4B83B3-DF8D-490D-B296-8FAE0A5373B2}.Debug|Any CPU.ActiveCfg = Debug|Any CPU
		{FD4B83B3-DF8D-490D-B296-8FAE0A5373B2}.Debug|Any CPU.Build.0 = Debug|Any CPU
		{FD4B83B3-DF8D-490D-B296-8FAE0A5373B2}.Release|Any CPU.ActiveCfg = Release|Any CPU
		{FD4B83B3-DF8D-490D-B296-8FAE0A5373B2}.Release|Any CPU.Build.0 = Release|Any CPU
		{9C6B571E-E38A-4E43-B1B4-5A164E4B5FD9}.Debug|Any CPU.ActiveCfg = Debug|Any CPU
		{9C6B571E-E38A-4E43-B1B4-5A164E4B5FD9}.Debug|Any CPU.Build.0 = Debug|Any CPU
		{9C6B571E-E38A-4E43-B1B4-5A164E4B5FD9}.Release|Any CPU.ActiveCfg = Release|Any CPU
		{9C6B571E-E38A-4E43-B1B4-5A164E4B5FD9}.Release|Any CPU.Build.0 = Release|Any CPU
	EndGlobalSection
	GlobalSection(SolutionProperties) = preSolution
		HideSolutionNode = FALSE
	EndGlobalSection
EndGlobal
