
Microsoft Visual Studio Solution File, Format Version 12.00
# Visual Studio 14
VisualStudioVersion = 14.0.25123.0
MinimumVisualStudioVersion = 10.0.40219.1
Project("{FAE04EC0-301F-11D3-BF4B-00C04F79EFBC}") = "CSharpPartOne", "CSharpPartOne\CSharpPartOne.csproj", "{D82E6142-7509-422A-AF2D-C15F15D1ABF5}"
EndProject
Project("{FAE04EC0-301F-11D3-BF4B-00C04F79EFBC}") = "PrintingNumbers", "PrintingNumbers\PrintingNumbers.csproj", "{7E219880-B997-4CC2-9A10-D52F05805CB2}"
EndProject
Project("{FAE04EC0-301F-11D3-BF4B-00C04F79EFBC}") = "SquareRoot", "SquareRoot\SquareRoot.csproj", "{50864A78-70FC-4EAF-9DFE-3FD16E3A0A93}"
EndProject
Project("{FAE04EC0-301F-11D3-BF4B-00C04F79EFBC}") = "SeQuance", "SeQuance\SeQuance.csproj", "{D3CA5859-9DF3-445B-B996-7FB3D55D8267}"
EndProject
Project("{FAE04EC0-301F-11D3-BF4B-00C04F79EFBC}") = "Age", "Age\Age.csproj", "{C987F1B6-155C-42E9-860D-3AE4EFABEDE9}"
EndProject
Project("{FAE04EC0-301F-11D3-BF4B-00C04F79EFBC}") = "LongSequance", "LongSequance\LongSequance.csproj", "{4656340D-4154-430F-A861-DED9123AAFEF}"
EndProject
Project("{FAE04EC0-301F-11D3-BF4B-00C04F79EFBC}") = "UseProgram", "UseProgram\UseProgram.csproj", "{A54C309C-552B-47BD-A2EC-A3BF32E27C87}"
EndProject
Project("{FAE04EC0-301F-11D3-BF4B-00C04F79EFBC}") = "CompareFloats", "CompareFloats\CompareFloats.csproj", "{41F40747-3D9B-441A-B753-269FB4644D63}"
EndProject
Project("{FAE04EC0-301F-11D3-BF4B-00C04F79EFBC}") = "AsciiChars", "AsciiChars\AsciiChars.csproj", "{3D796F97-1D54-407F-B8F5-9AC08D1F52DF}"
EndProject
Project("{FAE04EC0-301F-11D3-BF4B-00C04F79EFBC}") = "ODDEVN", "ODDEVN\ODDEVN.csproj", "{678EFA64-B0E9-486D-B5E5-49096B62325D}"
EndProject
Project("{FAE04EC0-301F-11D3-BF4B-00C04F79EFBC}") = "MoonWight", "MoonWight\MoonWight.csproj", "{4AC7E69A-4D74-41C6-8000-22F1C0443D3F}"
EndProject
Project("{FAE04EC0-301F-11D3-BF4B-00C04F79EFBC}") = "DevideBy7And5", "DevideBy7And5\DevideBy7And5.csproj", "{B4723635-8D52-4AEA-A31D-8CC1A623F643}"
EndProject
Project("{FAE04EC0-301F-11D3-BF4B-00C04F79EFBC}") = "Rectangle", "Rectangle\Rectangle.csproj", "{D58F7CF1-0DEE-4BA0-8855-89B9C790D511}"
EndProject
Project("{FAE04EC0-301F-11D3-BF4B-00C04F79EFBC}") = "3Digit", "3Digit\3Digit.csproj", "{CF651AC3-939D-43AC-B538-E5C0B3DDCB7F}"
EndProject
Project("{FAE04EC0-301F-11D3-BF4B-00C04F79EFBC}") = "Digit7", "Digit7\Digit7.csproj", "{9F2C852A-3964-4151-A3E4-62BA37B65ABD}"
EndProject
Project("{FAE04EC0-301F-11D3-BF4B-00C04F79EFBC}") = "FourDigit", "FourDigit\FourDigit.csproj", "{19A720C0-26FD-4E8C-9F42-64704CA17116}"
EndProject
Project("{FAE04EC0-301F-11D3-BF4B-00C04F79EFBC}") = "PointInCircle", "PointInCircle\PointInCircle.csproj", "{FD4B83B3-DF8D-490D-B296-8FAE0A5373B2}"
EndProject
Project("{FAE04EC0-301F-11D3-BF4B-00C04F79EFBC}") = "Prime", "Prime\Prime.csproj", "{9C6B571E-E38A-4E43-B1B4-5A164E4B5FD9}"
EndProject
Project("{FAE04EC0-301F-11D3-BF4B-00C04F79EFBC}") = "Trapecoid", "Trapecoid\Trapecoid.csproj", "{DB7FDA33-EB6A-4953-B67D-570FE8E63F08}"
EndProject
Project("{FAE04EC0-301F-11D3-BF4B-00C04F79EFBC}") = "CircleRectangle", "CircleRectangle\CircleRectangle.csproj", "{47E243D8-9F7A-4519-B255-286F253DC83E}"
EndProject
Project("{FAE04EC0-301F-11D3-BF4B-00C04F79EFBC}") = "TirdBit", "TirdBit\TirdBit.csproj", "{D502BE36-CC2B-4D30-A39C-87B1DB2888B6}"
EndProject
Project("{FAE04EC0-301F-11D3-BF4B-00C04F79EFBC}") = "NBit", "NBit\NBit.csproj", "{FB7E14A9-1B15-4C01-9FDD-FD00B17CDBD5}"
EndProject
Project("{FAE04EC0-301F-11D3-BF4B-00C04F79EFBC}") = "MoifyBit", "MoifyBit\MoifyBit.csproj", "{230AFD94-F3EF-4708-BAEE-53E038067AD5}"
EndProject
Project("{FAE04EC0-301F-11D3-BF4B-00C04F79EFBC}") = "BitExchange", "BitExchange\BitExchange.csproj", "{B1680DEF-BFD5-4446-B227-3A5AD778751E}"
EndProject
Project("{FAE04EC0-301F-11D3-BF4B-00C04F79EFBC}") = "BitSwap", "BitSwap\BitSwap.csproj", "{E8CEBAEB-CBFF-48F4-94CA-385FC309BDE7}"
EndProject
Project("{FAE04EC0-301F-11D3-BF4B-00C04F79EFBC}") = "SumOf3Numbers", "SumOf3Numbers\SumOf3Numbers.csproj", "{9F50BC8A-62FA-4A08-915E-2B1DB64CDBB7}"
EndProject
Project("{FAE04EC0-301F-11D3-BF4B-00C04F79EFBC}") = "CompanyInfo", "CompanyInfo\CompanyInfo.csproj", "{52A31376-4513-4D3B-A373-FB22340F5B5C}"
EndProject
Project("{FAE04EC0-301F-11D3-BF4B-00C04F79EFBC}") = "Circle", "Circle\Circle.csproj", "{19B89773-F0DE-4762-AE9B-BF26F931365A}"
EndProject
Project("{FAE04EC0-301F-11D3-BF4B-00C04F79EFBC}") = "NumberComparer", "NumberComparer\NumberComparer.csproj", "{974F7758-577B-40F7-9863-1F40530F6BBF}"
EndProject
Project("{FAE04EC0-301F-11D3-BF4B-00C04F79EFBC}") = "QuadraticEquation", "QuadraticEquation\QuadraticEquation.csproj", "{FB78FD7F-B6D3-4207-AD05-0285917AC887}"
EndProject
Project("{FAE04EC0-301F-11D3-BF4B-00C04F79EFBC}") = "SumOf5", "SumOf5\SumOf5.csproj", "{2D12B3C2-9973-4CA1-BF55-5BA89511DA7A}"
EndProject
Project("{FAE04EC0-301F-11D3-BF4B-00C04F79EFBC}") = "sumOfNNumbers", "sumOfNNumbers\sumOfNNumbers.csproj", "{24E4BD58-F0D0-4885-90B1-9D6AA688BEF1}"
EndProject
Project("{FAE04EC0-301F-11D3-BF4B-00C04F79EFBC}") = "Fibonachi", "Fibonachi\Fibonachi.csproj", "{FCAA259D-A763-44D5-A9FB-FD592E379AAF}"
EndProject
Project("{FAE04EC0-301F-11D3-BF4B-00C04F79EFBC}") = "IntervalNumbers", "IntervalNumbers\IntervalNumbers.csproj", "{85F6D440-8A6B-4395-928C-C29B0BD4B0C4}"
EndProject
Project("{FAE04EC0-301F-11D3-BF4B-00C04F79EFBC}") = "ExchangeifgRATED", "ExchangeifgRATED\ExchangeifgRATED.csproj", "{3F420C01-5EE7-48E8-96EE-CDFC68046700}"
EndProject
Project("{FAE04EC0-301F-11D3-BF4B-00C04F79EFBC}") = "BonusScore", "BonusScore\BonusScore.csproj", "{D5E9B33E-0EE0-4C66-99BE-8F8E546F633B}"
EndProject
Project("{FAE04EC0-301F-11D3-BF4B-00C04F79EFBC}") = "CardNumber", "CardNumber\CardNumber.csproj", "{755DA409-D7BF-41ED-983E-660CCE795327}"
EndProject
Project("{FAE04EC0-301F-11D3-BF4B-00C04F79EFBC}") = "Signe", "Signe\Signe.csproj", "{2B095213-7527-49DC-9422-BD9039CBB5C8}"
EndProject
Project("{FAE04EC0-301F-11D3-BF4B-00C04F79EFBC}") = "BigerOf3", "BigerOf3\BigerOf3.csproj", "{6BDCB832-E53F-422C-B284-0D1D5A1AB8F9}"
EndProject
Project("{FAE04EC0-301F-11D3-BF4B-00C04F79EFBC}") = "BigestOF5", "BigestOF5\BigestOF5.csproj", "{094BBBC0-F5DD-4308-80F7-CECAF459E3C9}"
EndProject
Project("{FAE04EC0-301F-11D3-BF4B-00C04F79EFBC}") = "Sort3Numbers", "Sort3Numbers\Sort3Numbers.csproj", "{4B4BDE75-8D31-4B05-8E85-BEE9C140A1E6}"
EndProject
Project("{FAE04EC0-301F-11D3-BF4B-00C04F79EFBC}") = "DigitAsWord", "DigitAsWord\DigitAsWord.csproj", "{C467DFB3-AA69-4D59-8B5E-7E1C7D7443C6}"
EndProject
Project("{FAE04EC0-301F-11D3-BF4B-00C04F79EFBC}") = "IntDoubleString", "IntDoubleString\IntDoubleString.csproj", "{CAF32949-D3E1-453E-B70F-4879419FC5B8}"
EndProject
Project("{FAE04EC0-301F-11D3-BF4B-00C04F79EFBC}") = "NumberFrom1ToN", "NumberFrom1ToN\NumberFrom1ToN.csproj", "{EC5072E2-FA27-4AC8-B81A-330CCCE844F8}"
EndProject
Project("{FAE04EC0-301F-11D3-BF4B-00C04F79EFBC}") = "DevidedBy3or7", "DevidedBy3or7\DevidedBy3or7.csproj", "{343F2CA5-BE10-44A1-B2D1-001FDF1A4FD3}"
EndProject
Project("{FAE04EC0-301F-11D3-BF4B-00C04F79EFBC}") = "MMSA", "MMSA\MMSA.csproj", "{F17BB5F6-1EF2-4256-857D-3D49DE7D64A0}"
EndProject
Project("{FAE04EC0-301F-11D3-BF4B-00C04F79EFBC}") = "DeckOfCkard", "DeckOfCkard\DeckOfCkard.csproj", "{DEE121B5-7B5C-4EF1-8ACE-B9DFE54D0432}"
EndProject
Project("{FAE04EC0-301F-11D3-BF4B-00C04F79EFBC}") = "Calculate", "Calculate\Calculate.csproj", "{7B962D65-74DB-44E8-AB7C-865D681A9494}"
EndProject
Project("{FAE04EC0-301F-11D3-BF4B-00C04F79EFBC}") = "CalculateAgain", "CalculateAgain\CalculateAgain.csproj", "{951AA8C6-1BE2-4803-AA97-B71F7DA1F54C}"
EndProject
Project("{FAE04EC0-301F-11D3-BF4B-00C04F79EFBC}") = "Calculate3", "Calculate3\Calculate3.csproj", "{7DF6C8F4-3CF1-4010-B1F9-7F28B652077D}"
EndProject
Project("{FAE04EC0-301F-11D3-BF4B-00C04F79EFBC}") = "CatalanNumber", "CatalanNumber\CatalanNumber.csproj", "{F73F9651-36F2-4D61-93D7-A0844B6C2D0C}"
EndProject
Project("{FAE04EC0-301F-11D3-BF4B-00C04F79EFBC}") = "MatrixOfNumbers", "MatrixOfNumbers\MatrixOfNumbers.csproj", "{5C399F1B-B86C-4C0D-9EB9-408F705F0540}"
EndProject
Project("{FAE04EC0-301F-11D3-BF4B-00C04F79EFBC}") = "OddEvenProduct", "OddEvenProduct\OddEvenProduct.csproj", "{9DAA8F0C-BF5C-4448-BD17-7D603B2AAB0F}"
EndProject
Project("{FAE04EC0-301F-11D3-BF4B-00C04F79EFBC}") = "BinariToDecimal", "BinariToDecimal\BinariToDecimal.csproj", "{BA5FB533-899E-4D7B-B283-833ECF3BFCA2}"
EndProject
Project("{FAE04EC0-301F-11D3-BF4B-00C04F79EFBC}") = "DecimalToBinary", "DecimalToBinary\DecimalToBinary.csproj", "{D6331DF4-5478-4793-9EA5-64FBF619B25A}"
EndProject
Project("{FAE04EC0-301F-11D3-BF4B-00C04F79EFBC}") = "decimalTohex", "decimalTohex\decimalTohex.csproj", "{8207568F-8283-47B1-B787-24451B09A28E}"
EndProject
Project("{FAE04EC0-301F-11D3-BF4B-00C04F79EFBC}") = "DecimalToHexsaDecimal", "DecimalToHexsaDecimal\DecimalToHexsaDecimal.csproj", "{2805F8A9-2E87-4A1C-AC21-B80E969431A3}"
EndProject
Project("{FAE04EC0-301F-11D3-BF4B-00C04F79EFBC}") = "GCD", "GCD\GCD.csproj", "{7ED1B890-2EC6-48F4-A8F2-6415E7E81452}"
EndProject
Project("{FAE04EC0-301F-11D3-BF4B-00C04F79EFBC}") = "Trailing0ToN", "Trailing0ToN\Trailing0ToN.csproj", "{A200EEE9-0F2D-4133-87CB-209CD2D93321}"
EndProject
Project("{FAE04EC0-301F-11D3-BF4B-00C04F79EFBC}") = "SpiralMatrix", "SpiralMatrix\SpiralMatrix.csproj", "{3CF1FEAB-9D3F-406E-BB88-9BFCF730C750}"
EndProject
Global
	GlobalSection(SolutionConfigurationPlatforms) = preSolution
		Debug|Any CPU = Debug|Any CPU
		Release|Any CPU = Release|Any CPU
	EndGlobalSection
	GlobalSection(ProjectConfigurationPlatforms) = postSolution
		{D82E6142-7509-422A-AF2D-C15F15D1ABF5}.Debug|Any CPU.ActiveCfg = Debug|Any CPU
		{D82E6142-7509-422A-AF2D-C15F15D1ABF5}.Debug|Any CPU.Build.0 = Debug|Any CPU
		{D82E6142-7509-422A-AF2D-C15F15D1ABF5}.Release|Any CPU.ActiveCfg = Release|Any CPU
		{D82E6142-7509-422A-AF2D-C15F15D1ABF5}.Release|Any CPU.Build.0 = Release|Any CPU
		{7E219880-B997-4CC2-9A10-D52F05805CB2}.Debug|Any CPU.ActiveCfg = Debug|Any CPU
		{7E219880-B997-4CC2-9A10-D52F05805CB2}.Debug|Any CPU.Build.0 = Debug|Any CPU
		{7E219880-B997-4CC2-9A10-D52F05805CB2}.Release|Any CPU.ActiveCfg = Release|Any CPU
		{7E219880-B997-4CC2-9A10-D52F05805CB2}.Release|Any CPU.Build.0 = Release|Any CPU
		{50864A78-70FC-4EAF-9DFE-3FD16E3A0A93}.Debug|Any CPU.ActiveCfg = Debug|Any CPU
		{50864A78-70FC-4EAF-9DFE-3FD16E3A0A93}.Debug|Any CPU.Build.0 = Debug|Any CPU
		{50864A78-70FC-4EAF-9DFE-3FD16E3A0A93}.Release|Any CPU.ActiveCfg = Release|Any CPU
		{50864A78-70FC-4EAF-9DFE-3FD16E3A0A93}.Release|Any CPU.Build.0 = Release|Any CPU
		{D3CA5859-9DF3-445B-B996-7FB3D55D8267}.Debug|Any CPU.ActiveCfg = Debug|Any CPU
		{D3CA5859-9DF3-445B-B996-7FB3D55D8267}.Debug|Any CPU.Build.0 = Debug|Any CPU
		{D3CA5859-9DF3-445B-B996-7FB3D55D8267}.Release|Any CPU.ActiveCfg = Release|Any CPU
		{D3CA5859-9DF3-445B-B996-7FB3D55D8267}.Release|Any CPU.Build.0 = Release|Any CPU
		{C987F1B6-155C-42E9-860D-3AE4EFABEDE9}.Debug|Any CPU.ActiveCfg = Debug|Any CPU
		{C987F1B6-155C-42E9-860D-3AE4EFABEDE9}.Debug|Any CPU.Build.0 = Debug|Any CPU
		{C987F1B6-155C-42E9-860D-3AE4EFABEDE9}.Release|Any CPU.ActiveCfg = Release|Any CPU
		{C987F1B6-155C-42E9-860D-3AE4EFABEDE9}.Release|Any CPU.Build.0 = Release|Any CPU
		{4656340D-4154-430F-A861-DED9123AAFEF}.Debug|Any CPU.ActiveCfg = Debug|Any CPU
		{4656340D-4154-430F-A861-DED9123AAFEF}.Debug|Any CPU.Build.0 = Debug|Any CPU
		{4656340D-4154-430F-A861-DED9123AAFEF}.Release|Any CPU.ActiveCfg = Release|Any CPU
		{4656340D-4154-430F-A861-DED9123AAFEF}.Release|Any CPU.Build.0 = Release|Any CPU
		{A54C309C-552B-47BD-A2EC-A3BF32E27C87}.Debug|Any CPU.ActiveCfg = Debug|Any CPU
		{A54C309C-552B-47BD-A2EC-A3BF32E27C87}.Debug|Any CPU.Build.0 = Debug|Any CPU
		{A54C309C-552B-47BD-A2EC-A3BF32E27C87}.Release|Any CPU.ActiveCfg = Release|Any CPU
		{A54C309C-552B-47BD-A2EC-A3BF32E27C87}.Release|Any CPU.Build.0 = Release|Any CPU
		{41F40747-3D9B-441A-B753-269FB4644D63}.Debug|Any CPU.ActiveCfg = Debug|Any CPU
		{41F40747-3D9B-441A-B753-269FB4644D63}.Debug|Any CPU.Build.0 = Debug|Any CPU
		{41F40747-3D9B-441A-B753-269FB4644D63}.Release|Any CPU.ActiveCfg = Release|Any CPU
		{41F40747-3D9B-441A-B753-269FB4644D63}.Release|Any CPU.Build.0 = Release|Any CPU
		{3D796F97-1D54-407F-B8F5-9AC08D1F52DF}.Debug|Any CPU.ActiveCfg = Debug|Any CPU
		{3D796F97-1D54-407F-B8F5-9AC08D1F52DF}.Debug|Any CPU.Build.0 = Debug|Any CPU
		{3D796F97-1D54-407F-B8F5-9AC08D1F52DF}.Release|Any CPU.ActiveCfg = Release|Any CPU
		{3D796F97-1D54-407F-B8F5-9AC08D1F52DF}.Release|Any CPU.Build.0 = Release|Any CPU
		{678EFA64-B0E9-486D-B5E5-49096B62325D}.Debug|Any CPU.ActiveCfg = Debug|Any CPU
		{678EFA64-B0E9-486D-B5E5-49096B62325D}.Debug|Any CPU.Build.0 = Debug|Any CPU
		{678EFA64-B0E9-486D-B5E5-49096B62325D}.Release|Any CPU.ActiveCfg = Release|Any CPU
		{678EFA64-B0E9-486D-B5E5-49096B62325D}.Release|Any CPU.Build.0 = Release|Any CPU
		{4AC7E69A-4D74-41C6-8000-22F1C0443D3F}.Debug|Any CPU.ActiveCfg = Debug|Any CPU
		{4AC7E69A-4D74-41C6-8000-22F1C0443D3F}.Debug|Any CPU.Build.0 = Debug|Any CPU
		{4AC7E69A-4D74-41C6-8000-22F1C0443D3F}.Release|Any CPU.ActiveCfg = Release|Any CPU
		{4AC7E69A-4D74-41C6-8000-22F1C0443D3F}.Release|Any CPU.Build.0 = Release|Any CPU
		{B4723635-8D52-4AEA-A31D-8CC1A623F643}.Debug|Any CPU.ActiveCfg = Debug|Any CPU
		{B4723635-8D52-4AEA-A31D-8CC1A623F643}.Debug|Any CPU.Build.0 = Debug|Any CPU
		{B4723635-8D52-4AEA-A31D-8CC1A623F643}.Release|Any CPU.ActiveCfg = Release|Any CPU
		{B4723635-8D52-4AEA-A31D-8CC1A623F643}.Release|Any CPU.Build.0 = Release|Any CPU
		{D58F7CF1-0DEE-4BA0-8855-89B9C790D511}.Debug|Any CPU.ActiveCfg = Debug|Any CPU
		{D58F7CF1-0DEE-4BA0-8855-89B9C790D511}.Debug|Any CPU.Build.0 = Debug|Any CPU
		{D58F7CF1-0DEE-4BA0-8855-89B9C790D511}.Release|Any CPU.ActiveCfg = Release|Any CPU
		{D58F7CF1-0DEE-4BA0-8855-89B9C790D511}.Release|Any CPU.Build.0 = Release|Any CPU
		{CF651AC3-939D-43AC-B538-E5C0B3DDCB7F}.Debug|Any CPU.ActiveCfg = Debug|Any CPU
		{CF651AC3-939D-43AC-B538-E5C0B3DDCB7F}.Debug|Any CPU.Build.0 = Debug|Any CPU
		{CF651AC3-939D-43AC-B538-E5C0B3DDCB7F}.Release|Any CPU.ActiveCfg = Release|Any CPU
		{CF651AC3-939D-43AC-B538-E5C0B3DDCB7F}.Release|Any CPU.Build.0 = Release|Any CPU
		{9F2C852A-3964-4151-A3E4-62BA37B65ABD}.Debug|Any CPU.ActiveCfg = Debug|Any CPU
		{9F2C852A-3964-4151-A3E4-62BA37B65ABD}.Debug|Any CPU.Build.0 = Debug|Any CPU
		{9F2C852A-3964-4151-A3E4-62BA37B65ABD}.Release|Any CPU.ActiveCfg = Release|Any CPU
		{9F2C852A-3964-4151-A3E4-62BA37B65ABD}.Release|Any CPU.Build.0 = Release|Any CPU
		{19A720C0-26FD-4E8C-9F42-64704CA17116}.Debug|Any CPU.ActiveCfg = Debug|Any CPU
		{19A720C0-26FD-4E8C-9F42-64704CA17116}.Debug|Any CPU.Build.0 = Debug|Any CPU
		{19A720C0-26FD-4E8C-9F42-64704CA17116}.Release|Any CPU.ActiveCfg = Release|Any CPU
		{19A720C0-26FD-4E8C-9F42-64704CA17116}.Release|Any CPU.Build.0 = Release|Any CPU
		{FD4B83B3-DF8D-490D-B296-8FAE0A5373B2}.Debug|Any CPU.ActiveCfg = Debug|Any CPU
		{FD4B83B3-DF8D-490D-B296-8FAE0A5373B2}.Debug|Any CPU.Build.0 = Debug|Any CPU
		{FD4B83B3-DF8D-490D-B296-8FAE0A5373B2}.Release|Any CPU.ActiveCfg = Release|Any CPU
		{FD4B83B3-DF8D-490D-B296-8FAE0A5373B2}.Release|Any CPU.Build.0 = Release|Any CPU
		{9C6B571E-E38A-4E43-B1B4-5A164E4B5FD9}.Debug|Any CPU.ActiveCfg = Debug|Any CPU
		{9C6B571E-E38A-4E43-B1B4-5A164E4B5FD9}.Debug|Any CPU.Build.0 = Debug|Any CPU
		{9C6B571E-E38A-4E43-B1B4-5A164E4B5FD9}.Release|Any CPU.ActiveCfg = Release|Any CPU
		{9C6B571E-E38A-4E43-B1B4-5A164E4B5FD9}.Release|Any CPU.Build.0 = Release|Any CPU
		{DB7FDA33-EB6A-4953-B67D-570FE8E63F08}.Debug|Any CPU.ActiveCfg = Debug|Any CPU
		{DB7FDA33-EB6A-4953-B67D-570FE8E63F08}.Debug|Any CPU.Build.0 = Debug|Any CPU
		{DB7FDA33-EB6A-4953-B67D-570FE8E63F08}.Release|Any CPU.ActiveCfg = Release|Any CPU
		{DB7FDA33-EB6A-4953-B67D-570FE8E63F08}.Release|Any CPU.Build.0 = Release|Any CPU
		{47E243D8-9F7A-4519-B255-286F253DC83E}.Debug|Any CPU.ActiveCfg = Debug|Any CPU
		{47E243D8-9F7A-4519-B255-286F253DC83E}.Debug|Any CPU.Build.0 = Debug|Any CPU
		{47E243D8-9F7A-4519-B255-286F253DC83E}.Release|Any CPU.ActiveCfg = Release|Any CPU
		{47E243D8-9F7A-4519-B255-286F253DC83E}.Release|Any CPU.Build.0 = Release|Any CPU
		{D502BE36-CC2B-4D30-A39C-87B1DB2888B6}.Debug|Any CPU.ActiveCfg = Debug|Any CPU
		{D502BE36-CC2B-4D30-A39C-87B1DB2888B6}.Debug|Any CPU.Build.0 = Debug|Any CPU
		{D502BE36-CC2B-4D30-A39C-87B1DB2888B6}.Release|Any CPU.ActiveCfg = Release|Any CPU
		{D502BE36-CC2B-4D30-A39C-87B1DB2888B6}.Release|Any CPU.Build.0 = Release|Any CPU
		{FB7E14A9-1B15-4C01-9FDD-FD00B17CDBD5}.Debug|Any CPU.ActiveCfg = Debug|Any CPU
		{FB7E14A9-1B15-4C01-9FDD-FD00B17CDBD5}.Debug|Any CPU.Build.0 = Debug|Any CPU
		{FB7E14A9-1B15-4C01-9FDD-FD00B17CDBD5}.Release|Any CPU.ActiveCfg = Release|Any CPU
		{FB7E14A9-1B15-4C01-9FDD-FD00B17CDBD5}.Release|Any CPU.Build.0 = Release|Any CPU
		{230AFD94-F3EF-4708-BAEE-53E038067AD5}.Debug|Any CPU.ActiveCfg = Debug|Any CPU
		{230AFD94-F3EF-4708-BAEE-53E038067AD5}.Debug|Any CPU.Build.0 = Debug|Any CPU
		{230AFD94-F3EF-4708-BAEE-53E038067AD5}.Release|Any CPU.ActiveCfg = Release|Any CPU
		{230AFD94-F3EF-4708-BAEE-53E038067AD5}.Release|Any CPU.Build.0 = Release|Any CPU
		{B1680DEF-BFD5-4446-B227-3A5AD778751E}.Debug|Any CPU.ActiveCfg = Debug|Any CPU
		{B1680DEF-BFD5-4446-B227-3A5AD778751E}.Debug|Any CPU.Build.0 = Debug|Any CPU
		{B1680DEF-BFD5-4446-B227-3A5AD778751E}.Release|Any CPU.ActiveCfg = Release|Any CPU
		{B1680DEF-BFD5-4446-B227-3A5AD778751E}.Release|Any CPU.Build.0 = Release|Any CPU
		{E8CEBAEB-CBFF-48F4-94CA-385FC309BDE7}.Debug|Any CPU.ActiveCfg = Debug|Any CPU
		{E8CEBAEB-CBFF-48F4-94CA-385FC309BDE7}.Debug|Any CPU.Build.0 = Debug|Any CPU
		{E8CEBAEB-CBFF-48F4-94CA-385FC309BDE7}.Release|Any CPU.ActiveCfg = Release|Any CPU
		{E8CEBAEB-CBFF-48F4-94CA-385FC309BDE7}.Release|Any CPU.Build.0 = Release|Any CPU
		{9F50BC8A-62FA-4A08-915E-2B1DB64CDBB7}.Debug|Any CPU.ActiveCfg = Debug|Any CPU
		{9F50BC8A-62FA-4A08-915E-2B1DB64CDBB7}.Debug|Any CPU.Build.0 = Debug|Any CPU
		{9F50BC8A-62FA-4A08-915E-2B1DB64CDBB7}.Release|Any CPU.ActiveCfg = Release|Any CPU
		{9F50BC8A-62FA-4A08-915E-2B1DB64CDBB7}.Release|Any CPU.Build.0 = Release|Any CPU
		{52A31376-4513-4D3B-A373-FB22340F5B5C}.Debug|Any CPU.ActiveCfg = Debug|Any CPU
		{52A31376-4513-4D3B-A373-FB22340F5B5C}.Debug|Any CPU.Build.0 = Debug|Any CPU
		{52A31376-4513-4D3B-A373-FB22340F5B5C}.Release|Any CPU.ActiveCfg = Release|Any CPU
		{52A31376-4513-4D3B-A373-FB22340F5B5C}.Release|Any CPU.Build.0 = Release|Any CPU
		{19B89773-F0DE-4762-AE9B-BF26F931365A}.Debug|Any CPU.ActiveCfg = Debug|Any CPU
		{19B89773-F0DE-4762-AE9B-BF26F931365A}.Debug|Any CPU.Build.0 = Debug|Any CPU
		{19B89773-F0DE-4762-AE9B-BF26F931365A}.Release|Any CPU.ActiveCfg = Release|Any CPU
		{19B89773-F0DE-4762-AE9B-BF26F931365A}.Release|Any CPU.Build.0 = Release|Any CPU
		{974F7758-577B-40F7-9863-1F40530F6BBF}.Debug|Any CPU.ActiveCfg = Debug|Any CPU
		{974F7758-577B-40F7-9863-1F40530F6BBF}.Debug|Any CPU.Build.0 = Debug|Any CPU
		{974F7758-577B-40F7-9863-1F40530F6BBF}.Release|Any CPU.ActiveCfg = Release|Any CPU
		{974F7758-577B-40F7-9863-1F40530F6BBF}.Release|Any CPU.Build.0 = Release|Any CPU
		{FB78FD7F-B6D3-4207-AD05-0285917AC887}.Debug|Any CPU.ActiveCfg = Debug|Any CPU
		{FB78FD7F-B6D3-4207-AD05-0285917AC887}.Debug|Any CPU.Build.0 = Debug|Any CPU
		{FB78FD7F-B6D3-4207-AD05-0285917AC887}.Release|Any CPU.ActiveCfg = Release|Any CPU
		{FB78FD7F-B6D3-4207-AD05-0285917AC887}.Release|Any CPU.Build.0 = Release|Any CPU
		{2D12B3C2-9973-4CA1-BF55-5BA89511DA7A}.Debug|Any CPU.ActiveCfg = Debug|Any CPU
		{2D12B3C2-9973-4CA1-BF55-5BA89511DA7A}.Debug|Any CPU.Build.0 = Debug|Any CPU
		{2D12B3C2-9973-4CA1-BF55-5BA89511DA7A}.Release|Any CPU.ActiveCfg = Release|Any CPU
		{2D12B3C2-9973-4CA1-BF55-5BA89511DA7A}.Release|Any CPU.Build.0 = Release|Any CPU
		{24E4BD58-F0D0-4885-90B1-9D6AA688BEF1}.Debug|Any CPU.ActiveCfg = Debug|Any CPU
		{24E4BD58-F0D0-4885-90B1-9D6AA688BEF1}.Debug|Any CPU.Build.0 = Debug|Any CPU
		{24E4BD58-F0D0-4885-90B1-9D6AA688BEF1}.Release|Any CPU.ActiveCfg = Release|Any CPU
		{24E4BD58-F0D0-4885-90B1-9D6AA688BEF1}.Release|Any CPU.Build.0 = Release|Any CPU
		{FCAA259D-A763-44D5-A9FB-FD592E379AAF}.Debug|Any CPU.ActiveCfg = Debug|Any CPU
		{FCAA259D-A763-44D5-A9FB-FD592E379AAF}.Debug|Any CPU.Build.0 = Debug|Any CPU
		{FCAA259D-A763-44D5-A9FB-FD592E379AAF}.Release|Any CPU.ActiveCfg = Release|Any CPU
		{FCAA259D-A763-44D5-A9FB-FD592E379AAF}.Release|Any CPU.Build.0 = Release|Any CPU
		{85F6D440-8A6B-4395-928C-C29B0BD4B0C4}.Debug|Any CPU.ActiveCfg = Debug|Any CPU
		{85F6D440-8A6B-4395-928C-C29B0BD4B0C4}.Debug|Any CPU.Build.0 = Debug|Any CPU
		{85F6D440-8A6B-4395-928C-C29B0BD4B0C4}.Release|Any CPU.ActiveCfg = Release|Any CPU
		{85F6D440-8A6B-4395-928C-C29B0BD4B0C4}.Release|Any CPU.Build.0 = Release|Any CPU
		{3F420C01-5EE7-48E8-96EE-CDFC68046700}.Debug|Any CPU.ActiveCfg = Debug|Any CPU
		{3F420C01-5EE7-48E8-96EE-CDFC68046700}.Debug|Any CPU.Build.0 = Debug|Any CPU
		{3F420C01-5EE7-48E8-96EE-CDFC68046700}.Release|Any CPU.ActiveCfg = Release|Any CPU
		{3F420C01-5EE7-48E8-96EE-CDFC68046700}.Release|Any CPU.Build.0 = Release|Any CPU
		{D5E9B33E-0EE0-4C66-99BE-8F8E546F633B}.Debug|Any CPU.ActiveCfg = Debug|Any CPU
		{D5E9B33E-0EE0-4C66-99BE-8F8E546F633B}.Debug|Any CPU.Build.0 = Debug|Any CPU
		{D5E9B33E-0EE0-4C66-99BE-8F8E546F633B}.Release|Any CPU.ActiveCfg = Release|Any CPU
		{D5E9B33E-0EE0-4C66-99BE-8F8E546F633B}.Release|Any CPU.Build.0 = Release|Any CPU
		{755DA409-D7BF-41ED-983E-660CCE795327}.Debug|Any CPU.ActiveCfg = Debug|Any CPU
		{755DA409-D7BF-41ED-983E-660CCE795327}.Debug|Any CPU.Build.0 = Debug|Any CPU
		{755DA409-D7BF-41ED-983E-660CCE795327}.Release|Any CPU.ActiveCfg = Release|Any CPU
		{755DA409-D7BF-41ED-983E-660CCE795327}.Release|Any CPU.Build.0 = Release|Any CPU
		{2B095213-7527-49DC-9422-BD9039CBB5C8}.Debug|Any CPU.ActiveCfg = Debug|Any CPU
		{2B095213-7527-49DC-9422-BD9039CBB5C8}.Debug|Any CPU.Build.0 = Debug|Any CPU
		{2B095213-7527-49DC-9422-BD9039CBB5C8}.Release|Any CPU.ActiveCfg = Release|Any CPU
		{2B095213-7527-49DC-9422-BD9039CBB5C8}.Release|Any CPU.Build.0 = Release|Any CPU
		{6BDCB832-E53F-422C-B284-0D1D5A1AB8F9}.Debug|Any CPU.ActiveCfg = Debug|Any CPU
		{6BDCB832-E53F-422C-B284-0D1D5A1AB8F9}.Debug|Any CPU.Build.0 = Debug|Any CPU
		{6BDCB832-E53F-422C-B284-0D1D5A1AB8F9}.Release|Any CPU.ActiveCfg = Release|Any CPU
		{6BDCB832-E53F-422C-B284-0D1D5A1AB8F9}.Release|Any CPU.Build.0 = Release|Any CPU
		{094BBBC0-F5DD-4308-80F7-CECAF459E3C9}.Debug|Any CPU.ActiveCfg = Debug|Any CPU
		{094BBBC0-F5DD-4308-80F7-CECAF459E3C9}.Debug|Any CPU.Build.0 = Debug|Any CPU
		{094BBBC0-F5DD-4308-80F7-CECAF459E3C9}.Release|Any CPU.ActiveCfg = Release|Any CPU
		{094BBBC0-F5DD-4308-80F7-CECAF459E3C9}.Release|Any CPU.Build.0 = Release|Any CPU
		{4B4BDE75-8D31-4B05-8E85-BEE9C140A1E6}.Debug|Any CPU.ActiveCfg = Debug|Any CPU
		{4B4BDE75-8D31-4B05-8E85-BEE9C140A1E6}.Debug|Any CPU.Build.0 = Debug|Any CPU
		{4B4BDE75-8D31-4B05-8E85-BEE9C140A1E6}.Release|Any CPU.ActiveCfg = Release|Any CPU
		{4B4BDE75-8D31-4B05-8E85-BEE9C140A1E6}.Release|Any CPU.Build.0 = Release|Any CPU
		{C467DFB3-AA69-4D59-8B5E-7E1C7D7443C6}.Debug|Any CPU.ActiveCfg = Debug|Any CPU
		{C467DFB3-AA69-4D59-8B5E-7E1C7D7443C6}.Debug|Any CPU.Build.0 = Debug|Any CPU
		{C467DFB3-AA69-4D59-8B5E-7E1C7D7443C6}.Release|Any CPU.ActiveCfg = Release|Any CPU
		{C467DFB3-AA69-4D59-8B5E-7E1C7D7443C6}.Release|Any CPU.Build.0 = Release|Any CPU
		{CAF32949-D3E1-453E-B70F-4879419FC5B8}.Debug|Any CPU.ActiveCfg = Debug|Any CPU
		{CAF32949-D3E1-453E-B70F-4879419FC5B8}.Debug|Any CPU.Build.0 = Debug|Any CPU
		{CAF32949-D3E1-453E-B70F-4879419FC5B8}.Release|Any CPU.ActiveCfg = Release|Any CPU
		{CAF32949-D3E1-453E-B70F-4879419FC5B8}.Release|Any CPU.Build.0 = Release|Any CPU
		{EC5072E2-FA27-4AC8-B81A-330CCCE844F8}.Debug|Any CPU.ActiveCfg = Debug|Any CPU
		{EC5072E2-FA27-4AC8-B81A-330CCCE844F8}.Debug|Any CPU.Build.0 = Debug|Any CPU
		{EC5072E2-FA27-4AC8-B81A-330CCCE844F8}.Release|Any CPU.ActiveCfg = Release|Any CPU
		{EC5072E2-FA27-4AC8-B81A-330CCCE844F8}.Release|Any CPU.Build.0 = Release|Any CPU
		{343F2CA5-BE10-44A1-B2D1-001FDF1A4FD3}.Debug|Any CPU.ActiveCfg = Debug|Any CPU
		{343F2CA5-BE10-44A1-B2D1-001FDF1A4FD3}.Debug|Any CPU.Build.0 = Debug|Any CPU
		{343F2CA5-BE10-44A1-B2D1-001FDF1A4FD3}.Release|Any CPU.ActiveCfg = Release|Any CPU
		{343F2CA5-BE10-44A1-B2D1-001FDF1A4FD3}.Release|Any CPU.Build.0 = Release|Any CPU
		{F17BB5F6-1EF2-4256-857D-3D49DE7D64A0}.Debug|Any CPU.ActiveCfg = Debug|Any CPU
		{F17BB5F6-1EF2-4256-857D-3D49DE7D64A0}.Debug|Any CPU.Build.0 = Debug|Any CPU
		{F17BB5F6-1EF2-4256-857D-3D49DE7D64A0}.Release|Any CPU.ActiveCfg = Release|Any CPU
		{F17BB5F6-1EF2-4256-857D-3D49DE7D64A0}.Release|Any CPU.Build.0 = Release|Any CPU
		{DEE121B5-7B5C-4EF1-8ACE-B9DFE54D0432}.Debug|Any CPU.ActiveCfg = Debug|Any CPU
		{DEE121B5-7B5C-4EF1-8ACE-B9DFE54D0432}.Debug|Any CPU.Build.0 = Debug|Any CPU
		{DEE121B5-7B5C-4EF1-8ACE-B9DFE54D0432}.Release|Any CPU.ActiveCfg = Release|Any CPU
		{DEE121B5-7B5C-4EF1-8ACE-B9DFE54D0432}.Release|Any CPU.Build.0 = Release|Any CPU
		{7B962D65-74DB-44E8-AB7C-865D681A9494}.Debug|Any CPU.ActiveCfg = Debug|Any CPU
		{7B962D65-74DB-44E8-AB7C-865D681A9494}.Debug|Any CPU.Build.0 = Debug|Any CPU
		{7B962D65-74DB-44E8-AB7C-865D681A9494}.Release|Any CPU.ActiveCfg = Release|Any CPU
		{7B962D65-74DB-44E8-AB7C-865D681A9494}.Release|Any CPU.Build.0 = Release|Any CPU
		{951AA8C6-1BE2-4803-AA97-B71F7DA1F54C}.Debug|Any CPU.ActiveCfg = Debug|Any CPU
		{951AA8C6-1BE2-4803-AA97-B71F7DA1F54C}.Debug|Any CPU.Build.0 = Debug|Any CPU
		{951AA8C6-1BE2-4803-AA97-B71F7DA1F54C}.Release|Any CPU.ActiveCfg = Release|Any CPU
		{951AA8C6-1BE2-4803-AA97-B71F7DA1F54C}.Release|Any CPU.Build.0 = Release|Any CPU
		{7DF6C8F4-3CF1-4010-B1F9-7F28B652077D}.Debug|Any CPU.ActiveCfg = Debug|Any CPU
		{7DF6C8F4-3CF1-4010-B1F9-7F28B652077D}.Debug|Any CPU.Build.0 = Debug|Any CPU
		{7DF6C8F4-3CF1-4010-B1F9-7F28B652077D}.Release|Any CPU.ActiveCfg = Release|Any CPU
		{7DF6C8F4-3CF1-4010-B1F9-7F28B652077D}.Release|Any CPU.Build.0 = Release|Any CPU
		{F73F9651-36F2-4D61-93D7-A0844B6C2D0C}.Debug|Any CPU.ActiveCfg = Debug|Any CPU
		{F73F9651-36F2-4D61-93D7-A0844B6C2D0C}.Debug|Any CPU.Build.0 = Debug|Any CPU
		{F73F9651-36F2-4D61-93D7-A0844B6C2D0C}.Release|Any CPU.ActiveCfg = Release|Any CPU
		{F73F9651-36F2-4D61-93D7-A0844B6C2D0C}.Release|Any CPU.Build.0 = Release|Any CPU
		{5C399F1B-B86C-4C0D-9EB9-408F705F0540}.Debug|Any CPU.ActiveCfg = Debug|Any CPU
		{5C399F1B-B86C-4C0D-9EB9-408F705F0540}.Debug|Any CPU.Build.0 = Debug|Any CPU
		{5C399F1B-B86C-4C0D-9EB9-408F705F0540}.Release|Any CPU.ActiveCfg = Release|Any CPU
		{5C399F1B-B86C-4C0D-9EB9-408F705F0540}.Release|Any CPU.Build.0 = Release|Any CPU
		{9DAA8F0C-BF5C-4448-BD17-7D603B2AAB0F}.Debug|Any CPU.ActiveCfg = Debug|Any CPU
		{9DAA8F0C-BF5C-4448-BD17-7D603B2AAB0F}.Debug|Any CPU.Build.0 = Debug|Any CPU
		{9DAA8F0C-BF5C-4448-BD17-7D603B2AAB0F}.Release|Any CPU.ActiveCfg = Release|Any CPU
		{9DAA8F0C-BF5C-4448-BD17-7D603B2AAB0F}.Release|Any CPU.Build.0 = Release|Any CPU
		{BA5FB533-899E-4D7B-B283-833ECF3BFCA2}.Debug|Any CPU.ActiveCfg = Debug|Any CPU
		{BA5FB533-899E-4D7B-B283-833ECF3BFCA2}.Debug|Any CPU.Build.0 = Debug|Any CPU
		{BA5FB533-899E-4D7B-B283-833ECF3BFCA2}.Release|Any CPU.ActiveCfg = Release|Any CPU
		{BA5FB533-899E-4D7B-B283-833ECF3BFCA2}.Release|Any CPU.Build.0 = Release|Any CPU
		{D6331DF4-5478-4793-9EA5-64FBF619B25A}.Debug|Any CPU.ActiveCfg = Debug|Any CPU
		{D6331DF4-5478-4793-9EA5-64FBF619B25A}.Debug|Any CPU.Build.0 = Debug|Any CPU
		{D6331DF4-5478-4793-9EA5-64FBF619B25A}.Release|Any CPU.ActiveCfg = Release|Any CPU
		{D6331DF4-5478-4793-9EA5-64FBF619B25A}.Release|Any CPU.Build.0 = Release|Any CPU
		{8207568F-8283-47B1-B787-24451B09A28E}.Debug|Any CPU.ActiveCfg = Debug|Any CPU
		{8207568F-8283-47B1-B787-24451B09A28E}.Debug|Any CPU.Build.0 = Debug|Any CPU
		{8207568F-8283-47B1-B787-24451B09A28E}.Release|Any CPU.ActiveCfg = Release|Any CPU
		{8207568F-8283-47B1-B787-24451B09A28E}.Release|Any CPU.Build.0 = Release|Any CPU
		{2805F8A9-2E87-4A1C-AC21-B80E969431A3}.Debug|Any CPU.ActiveCfg = Debug|Any CPU
		{2805F8A9-2E87-4A1C-AC21-B80E969431A3}.Debug|Any CPU.Build.0 = Debug|Any CPU
		{2805F8A9-2E87-4A1C-AC21-B80E969431A3}.Release|Any CPU.ActiveCfg = Release|Any CPU
		{2805F8A9-2E87-4A1C-AC21-B80E969431A3}.Release|Any CPU.Build.0 = Release|Any CPU
		{7ED1B890-2EC6-48F4-A8F2-6415E7E81452}.Debug|Any CPU.ActiveCfg = Debug|Any CPU
		{7ED1B890-2EC6-48F4-A8F2-6415E7E81452}.Debug|Any CPU.Build.0 = Debug|Any CPU
		{7ED1B890-2EC6-48F4-A8F2-6415E7E81452}.Release|Any CPU.ActiveCfg = Release|Any CPU
		{7ED1B890-2EC6-48F4-A8F2-6415E7E81452}.Release|Any CPU.Build.0 = Release|Any CPU
		{A200EEE9-0F2D-4133-87CB-209CD2D93321}.Debug|Any CPU.ActiveCfg = Debug|Any CPU
		{A200EEE9-0F2D-4133-87CB-209CD2D93321}.Debug|Any CPU.Build.0 = Debug|Any CPU
		{A200EEE9-0F2D-4133-87CB-209CD2D93321}.Release|Any CPU.ActiveCfg = Release|Any CPU
		{A200EEE9-0F2D-4133-87CB-209CD2D93321}.Release|Any CPU.Build.0 = Release|Any CPU
		{3CF1FEAB-9D3F-406E-BB88-9BFCF730C750}.Debug|Any CPU.ActiveCfg = Debug|Any CPU
		{3CF1FEAB-9D3F-406E-BB88-9BFCF730C750}.Debug|Any CPU.Build.0 = Debug|Any CPU
		{3CF1FEAB-9D3F-406E-BB88-9BFCF730C750}.Release|Any CPU.ActiveCfg = Release|Any CPU
		{3CF1FEAB-9D3F-406E-BB88-9BFCF730C750}.Release|Any CPU.Build.0 = Release|Any CPU
	EndGlobalSection
	GlobalSection(SolutionProperties) = preSolution
		HideSolutionNode = FALSE
	EndGlobalSection
EndGlobal
