
Microsoft Visual Studio Solution File, Format Version 12.00
# Visual Studio 14
VisualStudioVersion = 14.0.25123.0
MinimumVisualStudioVersion = 10.0.40219.1
Project("{FAE04EC0-301F-11D3-BF4B-00C04F79EFBC}") = "CSharpPartTwo", "CSharpPartTwo\CSharpPartTwo.csproj", "{B4EAE034-2BB5-4B67-A352-189FBE82F02B}"
EndProject
Project("{2150E333-8FDC-42A3-9474-1A3956D46DE8}") = "Array", "Array", "{EE99A8DB-C086-4BB3-AC18-524402273DDE}"
EndProject
Project("{FAE04EC0-301F-11D3-BF4B-00C04F79EFBC}") = "Arrays", "Arrays\Arrays.csproj", "{6EB9F625-87F9-4BED-B402-7F3D43653C92}"
EndProject
Project("{FAE04EC0-301F-11D3-BF4B-00C04F79EFBC}") = "CompareArrays", "CompareArrays\CompareArrays.csproj", "{3DDBD3B7-8C82-4FF1-99CA-FA3DD6AC80B1}"
EndProject
Project("{FAE04EC0-301F-11D3-BF4B-00C04F79EFBC}") = "CharArray", "CharArray\CharArray.csproj", "{EE4B3D85-31FF-4637-866B-6FEABA4C1547}"
EndProject
Project("{FAE04EC0-301F-11D3-BF4B-00C04F79EFBC}") = "MaxSequance", "MaxSequance\MaxSequance.csproj", "{E7E40CBE-0A75-4E4D-BACD-C14CF33387DB}"
EndProject
Project("{FAE04EC0-301F-11D3-BF4B-00C04F79EFBC}") = "maxEncreasingsequance", "maxEncreasingsequance\maxEncreasingsequance.csproj", "{8B873AE6-51FF-453A-9315-504383F8978C}"
EndProject
Project("{FAE04EC0-301F-11D3-BF4B-00C04F79EFBC}") = "MaxKSum", "MaxKSum\MaxKSum.csproj", "{ADF13E3F-7F4F-4DBE-8AA3-3A4A4B25F6F3}"
EndProject
Project("{FAE04EC0-301F-11D3-BF4B-00C04F79EFBC}") = "SelectionSort", "SelectionSort\SelectionSort.csproj", "{656E96CD-2AE7-4662-84BF-EDBA244A4AB1}"
EndProject
Project("{FAE04EC0-301F-11D3-BF4B-00C04F79EFBC}") = "MaximumSum", "MaximumSum\MaximumSum.csproj", "{AEC7E43D-4ABD-4037-9709-7EBE040BD6D7}"
EndProject
Project("{FAE04EC0-301F-11D3-BF4B-00C04F79EFBC}") = "frequantNumber", "frequantNumber\frequantNumber.csproj", "{C00F7B2C-E4B3-47D9-8492-5F751A0C55B0}"
EndProject
Project("{FAE04EC0-301F-11D3-BF4B-00C04F79EFBC}") = "BinarySearch", "BinarySearch\BinarySearch.csproj", "{39CA91D4-6604-40DB-8673-610625E4C549}"
EndProject
Project("{FAE04EC0-301F-11D3-BF4B-00C04F79EFBC}") = "IndexOfLetters", "IndexOfLetters\IndexOfLetters.csproj", "{69817413-ED78-415F-B69E-5AAF265B7C81}"
EndProject
Project("{FAE04EC0-301F-11D3-BF4B-00C04F79EFBC}") = "MargeSort", "MargeSort\MargeSort.csproj", "{63F95C5C-911D-4D35-A513-1D34FAD4F711}"
EndProject
Project("{FAE04EC0-301F-11D3-BF4B-00C04F79EFBC}") = "QuikSort", "QuikSort\QuikSort.csproj", "{96F3CFB5-F175-40A9-BF12-B14E97FC0237}"
EndProject
Project("{FAE04EC0-301F-11D3-BF4B-00C04F79EFBC}") = "PrimNumbers", "PrimNumbers\PrimNumbers.csproj", "{9AC34AC7-93A5-4A9D-86E6-911A218FAEF9}"
EndProject
Project("{FAE04EC0-301F-11D3-BF4B-00C04F79EFBC}") = "ReoveElement", "ReoveElement\ReoveElement.csproj", "{5EF5D936-4A99-443B-92D9-08D64349456E}"
EndProject
Project("{FAE04EC0-301F-11D3-BF4B-00C04F79EFBC}") = "FillTheMarix", "FillTheMarix\FillTheMarix.csproj", "{E04912D3-8A3D-4DF4-AE3E-7A397DD0BF8A}"
EndProject
Project("{2150E333-8FDC-42A3-9474-1A3956D46DE8}") = "MultiDimentionalArray", "MultiDimentionalArray", "{82F8062F-C941-4ED1-B401-7921E2963310}"
EndProject
Project("{FAE04EC0-301F-11D3-BF4B-00C04F79EFBC}") = "MAximalSum", "MAximalSum\MAximalSum.csproj", "{3E45A3F6-19A0-425D-9295-1838A6F7DE44}"
EndProject
Project("{FAE04EC0-301F-11D3-BF4B-00C04F79EFBC}") = "SrequanceOfMatrix", "SrequanceOfMatrix\SrequanceOfMatrix.csproj", "{1BD5806C-C6B7-4B61-8394-860340D11998}"
EndProject
Project("{FAE04EC0-301F-11D3-BF4B-00C04F79EFBC}") = "LargestAreaInMatrix", "LargestAreaInMatrix\LargestAreaInMatrix.csproj", "{8F584788-C76A-428D-87EC-964C0CB90161}"
EndProject
Project("{FAE04EC0-301F-11D3-BF4B-00C04F79EFBC}") = "LargestAreaInMatrix2", "LargestAreaInMatrix2\LargestAreaInMatrix2.csproj", "{61A50295-9D4C-4E8D-B670-46FCD54E6135}"
EndProject
Project("{2150E333-8FDC-42A3-9474-1A3956D46DE8}") = "Methods", "Methods", "{2E2EEF8F-FE4C-4DA2-85D5-38582323C02B}"
EndProject
Project("{FAE04EC0-301F-11D3-BF4B-00C04F79EFBC}") = "SeyHello", "SeyHello\SeyHello.csproj", "{0F1E7CC9-2A08-4952-98FE-E59A1524794A}"
EndProject
Project("{FAE04EC0-301F-11D3-BF4B-00C04F79EFBC}") = "getLargest", "getLargest\getLargest.csproj", "{687D8CCC-708C-4CFF-BF26-2ACC39B40EEE}"
EndProject
Project("{FAE04EC0-301F-11D3-BF4B-00C04F79EFBC}") = "EnglishDigit", "EnglishDigit\EnglishDigit.csproj", "{F4669EAD-77E9-4DA5-9F00-7099EBD8F2EB}"
EndProject
Project("{FAE04EC0-301F-11D3-BF4B-00C04F79EFBC}") = "NumberInArray", "NumberInArray\NumberInArray.csproj", "{EF697C12-841E-4432-A30F-7246BBF2FAE0}"
EndProject
Project("{2150E333-8FDC-42A3-9474-1A3956D46DE8}") = "NewFolder1", "NewFolder1", "{57D5C6A1-6585-4EBB-85AF-3F7609E5083F}"
EndProject
Project("{2150E333-8FDC-42A3-9474-1A3956D46DE8}") = "NumericSystem", "NumericSystem", "{1467AC6B-BC2D-4572-B91A-097DB3543DEA}"
EndProject
Project("{FAE04EC0-301F-11D3-BF4B-00C04F79EFBC}") = "decimaltobiary", "decimaltobiary\decimaltobiary.csproj", "{FED4930E-4944-4DE3-9BE8-1E47DCEB184E}"
EndProject
Project("{FAE04EC0-301F-11D3-BF4B-00C04F79EFBC}") = "bintodec", "bintodec\bintodec.csproj", "{00EB8B55-CE0A-43E5-8958-608B3095446F}"
EndProject
Project("{FAE04EC0-301F-11D3-BF4B-00C04F79EFBC}") = "DecHex", "DecHex\DecHex.csproj", "{FD507B16-99A1-43B4-B6F7-BA95DB381971}"
EndProject
Project("{FAE04EC0-301F-11D3-BF4B-00C04F79EFBC}") = "HexDec", "HexDec\HexDec.csproj", "{4ED9542F-7DEA-47F1-9041-DEE49AC0B937}"
EndProject
Project("{FAE04EC0-301F-11D3-BF4B-00C04F79EFBC}") = "HexsaToBin", "HexsaToBin\HexsaToBin.csproj", "{7B9EEFDC-AE86-4085-B36B-552E246312B4}"
EndProject
Project("{FAE04EC0-301F-11D3-BF4B-00C04F79EFBC}") = "BinToHexsa", "BinToHexsa\BinToHexsa.csproj", "{19EE3545-45DC-4A84-BEB1-477806BD527F}"
EndProject
Project("{FAE04EC0-301F-11D3-BF4B-00C04F79EFBC}") = "BinShort", "BinShort\BinShort.csproj", "{1A94D11D-8BC5-47E3-9681-BE1CBA5A4266}"
EndProject
Project("{FAE04EC0-301F-11D3-BF4B-00C04F79EFBC}") = "ApearanceCount", "ApearanceCount\ApearanceCount.csproj", "{F599798F-D73A-4A4E-ABBC-F91CF5BD4EEA}"
EndProject
Project("{FAE04EC0-301F-11D3-BF4B-00C04F79EFBC}") = "LargestThenNabour", "LargestThenNabour\LargestThenNabour.csproj", "{AA436A79-B0FD-4619-B1E1-6F09B3A00BD5}"
EndProject
Project("{FAE04EC0-301F-11D3-BF4B-00C04F79EFBC}") = "numberAsArray", "numberAsArray\numberAsArray.csproj", "{6F61B34A-FE9B-45CE-8770-D04C8DFD653D}"
EndProject
Project("{FAE04EC0-301F-11D3-BF4B-00C04F79EFBC}") = "NFactroiel", "NFactroiel\NFactroiel.csproj", "{F7681BD9-22F8-4A1A-B464-062234307C24}"
EndProject
Project("{FAE04EC0-301F-11D3-BF4B-00C04F79EFBC}") = "ReversNumber", "ReversNumber\ReversNumber.csproj", "{B2C02040-20A2-4CF9-A41B-1305B7AAB85E}"
EndProject
Project("{FAE04EC0-301F-11D3-BF4B-00C04F79EFBC}") = "IntegerCalculation", "IntegerCalculation\IntegerCalculation.csproj", "{BC67DE95-5BB3-4AE4-854B-8E8C2F34C82E}"
EndProject
Project("{FAE04EC0-301F-11D3-BF4B-00C04F79EFBC}") = "FirstLargerThenNabour", "FirstLargerThenNabour\FirstLargerThenNabour.csproj", "{AFA3DC0B-B517-44AF-8C95-69F5CF81B6A8}"
EndProject
Project("{2150E333-8FDC-42A3-9474-1A3956D46DE8}") = "classAndOnjects", "classAndOnjects", "{33C509B8-C0F3-42B2-A878-D604AF531684}"
EndProject
Project("{FAE04EC0-301F-11D3-BF4B-00C04F79EFBC}") = "LeapYear", "LeapYear\LeapYear.csproj", "{8E238CA0-D69B-4A65-9E66-325542CBD0D6}"
EndProject
Project("{FAE04EC0-301F-11D3-BF4B-00C04F79EFBC}") = "Trianlge", "Trianlge\Trianlge.csproj", "{FF29D3AD-37DE-413F-B5AA-D270168FC557}"
EndProject
Project("{FAE04EC0-301F-11D3-BF4B-00C04F79EFBC}") = "SumIntegers", "SumIntegers\SumIntegers.csproj", "{FA9A05A2-E08B-4785-890A-5A248393C9AE}"
EndProject
Project("{2150E333-8FDC-42A3-9474-1A3956D46DE8}") = "String", "String", "{8898CD1E-29EC-4A02-B084-2B2789924042}"
EndProject
Project("{FAE04EC0-301F-11D3-BF4B-00C04F79EFBC}") = "1.ReversString", "1.ReversString\1.ReversString.csproj", "{508C833C-511C-4708-80AA-03610A0D9289}"
EndProject
Project("{FAE04EC0-301F-11D3-BF4B-00C04F79EFBC}") = "CorectBrecats", "CorectBrecats\CorectBrecats.csproj", "{9F82F1D4-AE77-4174-AF9A-28384B1FE9D2}"
EndProject
Project("{FAE04EC0-301F-11D3-BF4B-00C04F79EFBC}") = "SubstringInText", "SubstringInText\SubstringInText.csproj", "{0CC9DAF2-8A19-4BE2-8CC0-527B0D53D3EC}"
EndProject
Project("{FAE04EC0-301F-11D3-BF4B-00C04F79EFBC}") = "ParseTag", "ParseTag\ParseTag.csproj", "{60DF5348-827A-4439-A4F9-D50B2BB94216}"
EndProject
Project("{FAE04EC0-301F-11D3-BF4B-00C04F79EFBC}") = "ExtratSentance", "ExtratSentance\ExtratSentance.csproj", "{13938BEA-F16A-45F3-B845-B0A4AB4367B2}"
EndProject
Project("{FAE04EC0-301F-11D3-BF4B-00C04F79EFBC}") = "Error", "Error\Error.csproj", "{5386B222-64FA-43E8-BDAF-C27414EDAAE8}"
EndProject
Project("{FAE04EC0-301F-11D3-BF4B-00C04F79EFBC}") = "StringLenght", "StringLenght\StringLenght.csproj", "{19A5F1EF-DC30-4953-B1F9-EB8A7B797D76}"
EndProject
Project("{FAE04EC0-301F-11D3-BF4B-00C04F79EFBC}") = "UnicodChar", "UnicodChar\UnicodChar.csproj", "{2DDFE8A2-CD39-4B3E-991B-EA76B9FBE85C}"
EndProject
Project("{FAE04EC0-301F-11D3-BF4B-00C04F79EFBC}") = "parse url", "parse url\parse url.csproj", "{F48AFA28-0AFD-41C1-B662-A88A5C40D1C0}"
EndProject
Project("{FAE04EC0-301F-11D3-BF4B-00C04F79EFBC}") = "ReplaceTag", "ReplaceTag\ReplaceTag.csproj", "{997F33AF-C08C-4F99-B526-0D64CFF7F864}"
EndProject
Project("{FAE04EC0-301F-11D3-BF4B-00C04F79EFBC}") = "SeriesOfLetters", "SeriesOfLetters\SeriesOfLetters.csproj", "{264D69B9-6B04-4326-A4A2-C6978D11609D}"
EndProject
Project("{2150E333-8FDC-42A3-9474-1A3956D46DE8}") = "Exeption", "Exeption", "{C1C665AE-1921-4BFE-BDC5-6B3032BE2FA2}"
EndProject
Project("{FAE04EC0-301F-11D3-BF4B-00C04F79EFBC}") = "SquareRoot", "SquareRoot\SquareRoot.csproj", "{55DAE230-9D8C-4BA8-B980-B1634F310109}"
EndProject
Project("{FAE04EC0-301F-11D3-BF4B-00C04F79EFBC}") = "EnterNumber", "EnterNumber\EnterNumber.csproj", "{58F42184-6574-41C4-9436-D7628240FAD2}"
EndProject
Global
	GlobalSection(SolutionConfigurationPlatforms) = preSolution
		Debug|Any CPU = Debug|Any CPU
		Release|Any CPU = Release|Any CPU
	EndGlobalSection
	GlobalSection(ProjectConfigurationPlatforms) = postSolution
		{B4EAE034-2BB5-4B67-A352-189FBE82F02B}.Debug|Any CPU.ActiveCfg = Debug|Any CPU
		{B4EAE034-2BB5-4B67-A352-189FBE82F02B}.Debug|Any CPU.Build.0 = Debug|Any CPU
		{B4EAE034-2BB5-4B67-A352-189FBE82F02B}.Release|Any CPU.ActiveCfg = Release|Any CPU
		{B4EAE034-2BB5-4B67-A352-189FBE82F02B}.Release|Any CPU.Build.0 = Release|Any CPU
		{6EB9F625-87F9-4BED-B402-7F3D43653C92}.Debug|Any CPU.ActiveCfg = Debug|Any CPU
		{6EB9F625-87F9-4BED-B402-7F3D43653C92}.Debug|Any CPU.Build.0 = Debug|Any CPU
		{6EB9F625-87F9-4BED-B402-7F3D43653C92}.Release|Any CPU.ActiveCfg = Release|Any CPU
		{6EB9F625-87F9-4BED-B402-7F3D43653C92}.Release|Any CPU.Build.0 = Release|Any CPU
		{3DDBD3B7-8C82-4FF1-99CA-FA3DD6AC80B1}.Debug|Any CPU.ActiveCfg = Debug|Any CPU
		{3DDBD3B7-8C82-4FF1-99CA-FA3DD6AC80B1}.Debug|Any CPU.Build.0 = Debug|Any CPU
		{3DDBD3B7-8C82-4FF1-99CA-FA3DD6AC80B1}.Release|Any CPU.ActiveCfg = Release|Any CPU
		{3DDBD3B7-8C82-4FF1-99CA-FA3DD6AC80B1}.Release|Any CPU.Build.0 = Release|Any CPU
		{EE4B3D85-31FF-4637-866B-6FEABA4C1547}.Debug|Any CPU.ActiveCfg = Debug|Any CPU
		{EE4B3D85-31FF-4637-866B-6FEABA4C1547}.Debug|Any CPU.Build.0 = Debug|Any CPU
		{EE4B3D85-31FF-4637-866B-6FEABA4C1547}.Release|Any CPU.ActiveCfg = Release|Any CPU
		{EE4B3D85-31FF-4637-866B-6FEABA4C1547}.Release|Any CPU.Build.0 = Release|Any CPU
		{E7E40CBE-0A75-4E4D-BACD-C14CF33387DB}.Debug|Any CPU.ActiveCfg = Debug|Any CPU
		{E7E40CBE-0A75-4E4D-BACD-C14CF33387DB}.Debug|Any CPU.Build.0 = Debug|Any CPU
		{E7E40CBE-0A75-4E4D-BACD-C14CF33387DB}.Release|Any CPU.ActiveCfg = Release|Any CPU
		{E7E40CBE-0A75-4E4D-BACD-C14CF33387DB}.Release|Any CPU.Build.0 = Release|Any CPU
		{8B873AE6-51FF-453A-9315-504383F8978C}.Debug|Any CPU.ActiveCfg = Debug|Any CPU
		{8B873AE6-51FF-453A-9315-504383F8978C}.Debug|Any CPU.Build.0 = Debug|Any CPU
		{8B873AE6-51FF-453A-9315-504383F8978C}.Release|Any CPU.ActiveCfg = Release|Any CPU
		{8B873AE6-51FF-453A-9315-504383F8978C}.Release|Any CPU.Build.0 = Release|Any CPU
		{ADF13E3F-7F4F-4DBE-8AA3-3A4A4B25F6F3}.Debug|Any CPU.ActiveCfg = Debug|Any CPU
		{ADF13E3F-7F4F-4DBE-8AA3-3A4A4B25F6F3}.Debug|Any CPU.Build.0 = Debug|Any CPU
		{ADF13E3F-7F4F-4DBE-8AA3-3A4A4B25F6F3}.Release|Any CPU.ActiveCfg = Release|Any CPU
		{ADF13E3F-7F4F-4DBE-8AA3-3A4A4B25F6F3}.Release|Any CPU.Build.0 = Release|Any CPU
		{656E96CD-2AE7-4662-84BF-EDBA244A4AB1}.Debug|Any CPU.ActiveCfg = Debug|Any CPU
		{656E96CD-2AE7-4662-84BF-EDBA244A4AB1}.Debug|Any CPU.Build.0 = Debug|Any CPU
		{656E96CD-2AE7-4662-84BF-EDBA244A4AB1}.Release|Any CPU.ActiveCfg = Release|Any CPU
		{656E96CD-2AE7-4662-84BF-EDBA244A4AB1}.Release|Any CPU.Build.0 = Release|Any CPU
		{AEC7E43D-4ABD-4037-9709-7EBE040BD6D7}.Debug|Any CPU.ActiveCfg = Debug|Any CPU
		{AEC7E43D-4ABD-4037-9709-7EBE040BD6D7}.Debug|Any CPU.Build.0 = Debug|Any CPU
		{AEC7E43D-4ABD-4037-9709-7EBE040BD6D7}.Release|Any CPU.ActiveCfg = Release|Any CPU
		{AEC7E43D-4ABD-4037-9709-7EBE040BD6D7}.Release|Any CPU.Build.0 = Release|Any CPU
		{C00F7B2C-E4B3-47D9-8492-5F751A0C55B0}.Debug|Any CPU.ActiveCfg = Debug|Any CPU
		{C00F7B2C-E4B3-47D9-8492-5F751A0C55B0}.Debug|Any CPU.Build.0 = Debug|Any CPU
		{C00F7B2C-E4B3-47D9-8492-5F751A0C55B0}.Release|Any CPU.ActiveCfg = Release|Any CPU
		{C00F7B2C-E4B3-47D9-8492-5F751A0C55B0}.Release|Any CPU.Build.0 = Release|Any CPU
		{39CA91D4-6604-40DB-8673-610625E4C549}.Debug|Any CPU.ActiveCfg = Debug|Any CPU
		{39CA91D4-6604-40DB-8673-610625E4C549}.Debug|Any CPU.Build.0 = Debug|Any CPU
		{39CA91D4-6604-40DB-8673-610625E4C549}.Release|Any CPU.ActiveCfg = Release|Any CPU
		{39CA91D4-6604-40DB-8673-610625E4C549}.Release|Any CPU.Build.0 = Release|Any CPU
		{69817413-ED78-415F-B69E-5AAF265B7C81}.Debug|Any CPU.ActiveCfg = Debug|Any CPU
		{69817413-ED78-415F-B69E-5AAF265B7C81}.Debug|Any CPU.Build.0 = Debug|Any CPU
		{69817413-ED78-415F-B69E-5AAF265B7C81}.Release|Any CPU.ActiveCfg = Release|Any CPU
		{69817413-ED78-415F-B69E-5AAF265B7C81}.Release|Any CPU.Build.0 = Release|Any CPU
		{63F95C5C-911D-4D35-A513-1D34FAD4F711}.Debug|Any CPU.ActiveCfg = Debug|Any CPU
		{63F95C5C-911D-4D35-A513-1D34FAD4F711}.Debug|Any CPU.Build.0 = Debug|Any CPU
		{63F95C5C-911D-4D35-A513-1D34FAD4F711}.Release|Any CPU.ActiveCfg = Release|Any CPU
		{63F95C5C-911D-4D35-A513-1D34FAD4F711}.Release|Any CPU.Build.0 = Release|Any CPU
		{96F3CFB5-F175-40A9-BF12-B14E97FC0237}.Debug|Any CPU.ActiveCfg = Debug|Any CPU
		{96F3CFB5-F175-40A9-BF12-B14E97FC0237}.Debug|Any CPU.Build.0 = Debug|Any CPU
		{96F3CFB5-F175-40A9-BF12-B14E97FC0237}.Release|Any CPU.ActiveCfg = Release|Any CPU
		{96F3CFB5-F175-40A9-BF12-B14E97FC0237}.Release|Any CPU.Build.0 = Release|Any CPU
		{9AC34AC7-93A5-4A9D-86E6-911A218FAEF9}.Debug|Any CPU.ActiveCfg = Debug|Any CPU
		{9AC34AC7-93A5-4A9D-86E6-911A218FAEF9}.Debug|Any CPU.Build.0 = Debug|Any CPU
		{9AC34AC7-93A5-4A9D-86E6-911A218FAEF9}.Release|Any CPU.ActiveCfg = Release|Any CPU
		{9AC34AC7-93A5-4A9D-86E6-911A218FAEF9}.Release|Any CPU.Build.0 = Release|Any CPU
		{5EF5D936-4A99-443B-92D9-08D64349456E}.Debug|Any CPU.ActiveCfg = Debug|Any CPU
		{5EF5D936-4A99-443B-92D9-08D64349456E}.Debug|Any CPU.Build.0 = Debug|Any CPU
		{5EF5D936-4A99-443B-92D9-08D64349456E}.Release|Any CPU.ActiveCfg = Release|Any CPU
		{5EF5D936-4A99-443B-92D9-08D64349456E}.Release|Any CPU.Build.0 = Release|Any CPU
		{E04912D3-8A3D-4DF4-AE3E-7A397DD0BF8A}.Debug|Any CPU.ActiveCfg = Debug|Any CPU
		{E04912D3-8A3D-4DF4-AE3E-7A397DD0BF8A}.Debug|Any CPU.Build.0 = Debug|Any CPU
		{E04912D3-8A3D-4DF4-AE3E-7A397DD0BF8A}.Release|Any CPU.ActiveCfg = Release|Any CPU
		{E04912D3-8A3D-4DF4-AE3E-7A397DD0BF8A}.Release|Any CPU.Build.0 = Release|Any CPU
		{3E45A3F6-19A0-425D-9295-1838A6F7DE44}.Debug|Any CPU.ActiveCfg = Debug|Any CPU
		{3E45A3F6-19A0-425D-9295-1838A6F7DE44}.Debug|Any CPU.Build.0 = Debug|Any CPU
		{3E45A3F6-19A0-425D-9295-1838A6F7DE44}.Release|Any CPU.ActiveCfg = Release|Any CPU
		{3E45A3F6-19A0-425D-9295-1838A6F7DE44}.Release|Any CPU.Build.0 = Release|Any CPU
		{1BD5806C-C6B7-4B61-8394-860340D11998}.Debug|Any CPU.ActiveCfg = Debug|Any CPU
		{1BD5806C-C6B7-4B61-8394-860340D11998}.Debug|Any CPU.Build.0 = Debug|Any CPU
		{1BD5806C-C6B7-4B61-8394-860340D11998}.Release|Any CPU.ActiveCfg = Release|Any CPU
		{1BD5806C-C6B7-4B61-8394-860340D11998}.Release|Any CPU.Build.0 = Release|Any CPU
		{8F584788-C76A-428D-87EC-964C0CB90161}.Debug|Any CPU.ActiveCfg = Debug|Any CPU
		{8F584788-C76A-428D-87EC-964C0CB90161}.Debug|Any CPU.Build.0 = Debug|Any CPU
		{8F584788-C76A-428D-87EC-964C0CB90161}.Release|Any CPU.ActiveCfg = Release|Any CPU
		{8F584788-C76A-428D-87EC-964C0CB90161}.Release|Any CPU.Build.0 = Release|Any CPU
		{61A50295-9D4C-4E8D-B670-46FCD54E6135}.Debug|Any CPU.ActiveCfg = Debug|Any CPU
		{61A50295-9D4C-4E8D-B670-46FCD54E6135}.Debug|Any CPU.Build.0 = Debug|Any CPU
		{61A50295-9D4C-4E8D-B670-46FCD54E6135}.Release|Any CPU.ActiveCfg = Release|Any CPU
		{61A50295-9D4C-4E8D-B670-46FCD54E6135}.Release|Any CPU.Build.0 = Release|Any CPU
		{0F1E7CC9-2A08-4952-98FE-E59A1524794A}.Debug|Any CPU.ActiveCfg = Debug|Any CPU
		{0F1E7CC9-2A08-4952-98FE-E59A1524794A}.Debug|Any CPU.Build.0 = Debug|Any CPU
		{0F1E7CC9-2A08-4952-98FE-E59A1524794A}.Release|Any CPU.ActiveCfg = Release|Any CPU
		{0F1E7CC9-2A08-4952-98FE-E59A1524794A}.Release|Any CPU.Build.0 = Release|Any CPU
		{687D8CCC-708C-4CFF-BF26-2ACC39B40EEE}.Debug|Any CPU.ActiveCfg = Debug|Any CPU
		{687D8CCC-708C-4CFF-BF26-2ACC39B40EEE}.Debug|Any CPU.Build.0 = Debug|Any CPU
		{687D8CCC-708C-4CFF-BF26-2ACC39B40EEE}.Release|Any CPU.ActiveCfg = Release|Any CPU
		{687D8CCC-708C-4CFF-BF26-2ACC39B40EEE}.Release|Any CPU.Build.0 = Release|Any CPU
		{F4669EAD-77E9-4DA5-9F00-7099EBD8F2EB}.Debug|Any CPU.ActiveCfg = Debug|Any CPU
		{F4669EAD-77E9-4DA5-9F00-7099EBD8F2EB}.Debug|Any CPU.Build.0 = Debug|Any CPU
		{F4669EAD-77E9-4DA5-9F00-7099EBD8F2EB}.Release|Any CPU.ActiveCfg = Release|Any CPU
		{F4669EAD-77E9-4DA5-9F00-7099EBD8F2EB}.Release|Any CPU.Build.0 = Release|Any CPU
		{EF697C12-841E-4432-A30F-7246BBF2FAE0}.Debug|Any CPU.ActiveCfg = Debug|Any CPU
		{EF697C12-841E-4432-A30F-7246BBF2FAE0}.Debug|Any CPU.Build.0 = Debug|Any CPU
		{EF697C12-841E-4432-A30F-7246BBF2FAE0}.Release|Any CPU.ActiveCfg = Release|Any CPU
		{EF697C12-841E-4432-A30F-7246BBF2FAE0}.Release|Any CPU.Build.0 = Release|Any CPU
		{FED4930E-4944-4DE3-9BE8-1E47DCEB184E}.Debug|Any CPU.ActiveCfg = Debug|Any CPU
		{FED4930E-4944-4DE3-9BE8-1E47DCEB184E}.Debug|Any CPU.Build.0 = Debug|Any CPU
		{FED4930E-4944-4DE3-9BE8-1E47DCEB184E}.Release|Any CPU.ActiveCfg = Release|Any CPU
		{FED4930E-4944-4DE3-9BE8-1E47DCEB184E}.Release|Any CPU.Build.0 = Release|Any CPU
		{00EB8B55-CE0A-43E5-8958-608B3095446F}.Debug|Any CPU.ActiveCfg = Debug|Any CPU
		{00EB8B55-CE0A-43E5-8958-608B3095446F}.Debug|Any CPU.Build.0 = Debug|Any CPU
		{00EB8B55-CE0A-43E5-8958-608B3095446F}.Release|Any CPU.ActiveCfg = Release|Any CPU
		{00EB8B55-CE0A-43E5-8958-608B3095446F}.Release|Any CPU.Build.0 = Release|Any CPU
		{FD507B16-99A1-43B4-B6F7-BA95DB381971}.Debug|Any CPU.ActiveCfg = Debug|Any CPU
		{FD507B16-99A1-43B4-B6F7-BA95DB381971}.Debug|Any CPU.Build.0 = Debug|Any CPU
		{FD507B16-99A1-43B4-B6F7-BA95DB381971}.Release|Any CPU.ActiveCfg = Release|Any CPU
		{FD507B16-99A1-43B4-B6F7-BA95DB381971}.Release|Any CPU.Build.0 = Release|Any CPU
		{4ED9542F-7DEA-47F1-9041-DEE49AC0B937}.Debug|Any CPU.ActiveCfg = Debug|Any CPU
		{4ED9542F-7DEA-47F1-9041-DEE49AC0B937}.Debug|Any CPU.Build.0 = Debug|Any CPU
		{4ED9542F-7DEA-47F1-9041-DEE49AC0B937}.Release|Any CPU.ActiveCfg = Release|Any CPU
		{4ED9542F-7DEA-47F1-9041-DEE49AC0B937}.Release|Any CPU.Build.0 = Release|Any CPU
		{7B9EEFDC-AE86-4085-B36B-552E246312B4}.Debug|Any CPU.ActiveCfg = Debug|Any CPU
		{7B9EEFDC-AE86-4085-B36B-552E246312B4}.Debug|Any CPU.Build.0 = Debug|Any CPU
		{7B9EEFDC-AE86-4085-B36B-552E246312B4}.Release|Any CPU.ActiveCfg = Release|Any CPU
		{7B9EEFDC-AE86-4085-B36B-552E246312B4}.Release|Any CPU.Build.0 = Release|Any CPU
		{19EE3545-45DC-4A84-BEB1-477806BD527F}.Debug|Any CPU.ActiveCfg = Debug|Any CPU
		{19EE3545-45DC-4A84-BEB1-477806BD527F}.Debug|Any CPU.Build.0 = Debug|Any CPU
		{19EE3545-45DC-4A84-BEB1-477806BD527F}.Release|Any CPU.ActiveCfg = Release|Any CPU
		{19EE3545-45DC-4A84-BEB1-477806BD527F}.Release|Any CPU.Build.0 = Release|Any CPU
		{1A94D11D-8BC5-47E3-9681-BE1CBA5A4266}.Debug|Any CPU.ActiveCfg = Debug|Any CPU
		{1A94D11D-8BC5-47E3-9681-BE1CBA5A4266}.Debug|Any CPU.Build.0 = Debug|Any CPU
		{1A94D11D-8BC5-47E3-9681-BE1CBA5A4266}.Release|Any CPU.ActiveCfg = Release|Any CPU
		{1A94D11D-8BC5-47E3-9681-BE1CBA5A4266}.Release|Any CPU.Build.0 = Release|Any CPU
		{F599798F-D73A-4A4E-ABBC-F91CF5BD4EEA}.Debug|Any CPU.ActiveCfg = Debug|Any CPU
		{F599798F-D73A-4A4E-ABBC-F91CF5BD4EEA}.Debug|Any CPU.Build.0 = Debug|Any CPU
		{F599798F-D73A-4A4E-ABBC-F91CF5BD4EEA}.Release|Any CPU.ActiveCfg = Release|Any CPU
		{F599798F-D73A-4A4E-ABBC-F91CF5BD4EEA}.Release|Any CPU.Build.0 = Release|Any CPU
		{AA436A79-B0FD-4619-B1E1-6F09B3A00BD5}.Debug|Any CPU.ActiveCfg = Debug|Any CPU
		{AA436A79-B0FD-4619-B1E1-6F09B3A00BD5}.Debug|Any CPU.Build.0 = Debug|Any CPU
		{AA436A79-B0FD-4619-B1E1-6F09B3A00BD5}.Release|Any CPU.ActiveCfg = Release|Any CPU
		{AA436A79-B0FD-4619-B1E1-6F09B3A00BD5}.Release|Any CPU.Build.0 = Release|Any CPU
		{6F61B34A-FE9B-45CE-8770-D04C8DFD653D}.Debug|Any CPU.ActiveCfg = Debug|Any CPU
		{6F61B34A-FE9B-45CE-8770-D04C8DFD653D}.Debug|Any CPU.Build.0 = Debug|Any CPU
		{6F61B34A-FE9B-45CE-8770-D04C8DFD653D}.Release|Any CPU.ActiveCfg = Release|Any CPU
		{6F61B34A-FE9B-45CE-8770-D04C8DFD653D}.Release|Any CPU.Build.0 = Release|Any CPU
		{F7681BD9-22F8-4A1A-B464-062234307C24}.Debug|Any CPU.ActiveCfg = Debug|Any CPU
		{F7681BD9-22F8-4A1A-B464-062234307C24}.Debug|Any CPU.Build.0 = Debug|Any CPU
		{F7681BD9-22F8-4A1A-B464-062234307C24}.Release|Any CPU.ActiveCfg = Release|Any CPU
		{F7681BD9-22F8-4A1A-B464-062234307C24}.Release|Any CPU.Build.0 = Release|Any CPU
		{B2C02040-20A2-4CF9-A41B-1305B7AAB85E}.Debug|Any CPU.ActiveCfg = Debug|Any CPU
		{B2C02040-20A2-4CF9-A41B-1305B7AAB85E}.Debug|Any CPU.Build.0 = Debug|Any CPU
		{B2C02040-20A2-4CF9-A41B-1305B7AAB85E}.Release|Any CPU.ActiveCfg = Release|Any CPU
		{B2C02040-20A2-4CF9-A41B-1305B7AAB85E}.Release|Any CPU.Build.0 = Release|Any CPU
		{BC67DE95-5BB3-4AE4-854B-8E8C2F34C82E}.Debug|Any CPU.ActiveCfg = Debug|Any CPU
		{BC67DE95-5BB3-4AE4-854B-8E8C2F34C82E}.Debug|Any CPU.Build.0 = Debug|Any CPU
		{BC67DE95-5BB3-4AE4-854B-8E8C2F34C82E}.Release|Any CPU.ActiveCfg = Release|Any CPU
		{BC67DE95-5BB3-4AE4-854B-8E8C2F34C82E}.Release|Any CPU.Build.0 = Release|Any CPU
		{AFA3DC0B-B517-44AF-8C95-69F5CF81B6A8}.Debug|Any CPU.ActiveCfg = Debug|Any CPU
		{AFA3DC0B-B517-44AF-8C95-69F5CF81B6A8}.Debug|Any CPU.Build.0 = Debug|Any CPU
		{AFA3DC0B-B517-44AF-8C95-69F5CF81B6A8}.Release|Any CPU.ActiveCfg = Release|Any CPU
		{AFA3DC0B-B517-44AF-8C95-69F5CF81B6A8}.Release|Any CPU.Build.0 = Release|Any CPU
		{8E238CA0-D69B-4A65-9E66-325542CBD0D6}.Debug|Any CPU.ActiveCfg = Debug|Any CPU
		{8E238CA0-D69B-4A65-9E66-325542CBD0D6}.Debug|Any CPU.Build.0 = Debug|Any CPU
		{8E238CA0-D69B-4A65-9E66-325542CBD0D6}.Release|Any CPU.ActiveCfg = Release|Any CPU
		{8E238CA0-D69B-4A65-9E66-325542CBD0D6}.Release|Any CPU.Build.0 = Release|Any CPU
		{FF29D3AD-37DE-413F-B5AA-D270168FC557}.Debug|Any CPU.ActiveCfg = Debug|Any CPU
		{FF29D3AD-37DE-413F-B5AA-D270168FC557}.Debug|Any CPU.Build.0 = Debug|Any CPU
		{FF29D3AD-37DE-413F-B5AA-D270168FC557}.Release|Any CPU.ActiveCfg = Release|Any CPU
		{FF29D3AD-37DE-413F-B5AA-D270168FC557}.Release|Any CPU.Build.0 = Release|Any CPU
		{FA9A05A2-E08B-4785-890A-5A248393C9AE}.Debug|Any CPU.ActiveCfg = Debug|Any CPU
		{FA9A05A2-E08B-4785-890A-5A248393C9AE}.Debug|Any CPU.Build.0 = Debug|Any CPU
		{FA9A05A2-E08B-4785-890A-5A248393C9AE}.Release|Any CPU.ActiveCfg = Release|Any CPU
		{FA9A05A2-E08B-4785-890A-5A248393C9AE}.Release|Any CPU.Build.0 = Release|Any CPU
		{508C833C-511C-4708-80AA-03610A0D9289}.Debug|Any CPU.ActiveCfg = Debug|Any CPU
		{508C833C-511C-4708-80AA-03610A0D9289}.Debug|Any CPU.Build.0 = Debug|Any CPU
		{508C833C-511C-4708-80AA-03610A0D9289}.Release|Any CPU.ActiveCfg = Release|Any CPU
		{508C833C-511C-4708-80AA-03610A0D9289}.Release|Any CPU.Build.0 = Release|Any CPU
		{9F82F1D4-AE77-4174-AF9A-28384B1FE9D2}.Debug|Any CPU.ActiveCfg = Debug|Any CPU
		{9F82F1D4-AE77-4174-AF9A-28384B1FE9D2}.Debug|Any CPU.Build.0 = Debug|Any CPU
		{9F82F1D4-AE77-4174-AF9A-28384B1FE9D2}.Release|Any CPU.ActiveCfg = Release|Any CPU
		{9F82F1D4-AE77-4174-AF9A-28384B1FE9D2}.Release|Any CPU.Build.0 = Release|Any CPU
		{0CC9DAF2-8A19-4BE2-8CC0-527B0D53D3EC}.Debug|Any CPU.ActiveCfg = Debug|Any CPU
		{0CC9DAF2-8A19-4BE2-8CC0-527B0D53D3EC}.Debug|Any CPU.Build.0 = Debug|Any CPU
		{0CC9DAF2-8A19-4BE2-8CC0-527B0D53D3EC}.Release|Any CPU.ActiveCfg = Release|Any CPU
		{0CC9DAF2-8A19-4BE2-8CC0-527B0D53D3EC}.Release|Any CPU.Build.0 = Release|Any CPU
		{60DF5348-827A-4439-A4F9-D50B2BB94216}.Debug|Any CPU.ActiveCfg = Debug|Any CPU
		{60DF5348-827A-4439-A4F9-D50B2BB94216}.Debug|Any CPU.Build.0 = Debug|Any CPU
		{60DF5348-827A-4439-A4F9-D50B2BB94216}.Release|Any CPU.ActiveCfg = Release|Any CPU
		{60DF5348-827A-4439-A4F9-D50B2BB94216}.Release|Any CPU.Build.0 = Release|Any CPU
		{13938BEA-F16A-45F3-B845-B0A4AB4367B2}.Debug|Any CPU.ActiveCfg = Debug|Any CPU
		{13938BEA-F16A-45F3-B845-B0A4AB4367B2}.Debug|Any CPU.Build.0 = Debug|Any CPU
		{13938BEA-F16A-45F3-B845-B0A4AB4367B2}.Release|Any CPU.ActiveCfg = Release|Any CPU
		{13938BEA-F16A-45F3-B845-B0A4AB4367B2}.Release|Any CPU.Build.0 = Release|Any CPU
		{5386B222-64FA-43E8-BDAF-C27414EDAAE8}.Debug|Any CPU.ActiveCfg = Debug|Any CPU
		{5386B222-64FA-43E8-BDAF-C27414EDAAE8}.Debug|Any CPU.Build.0 = Debug|Any CPU
		{5386B222-64FA-43E8-BDAF-C27414EDAAE8}.Release|Any CPU.ActiveCfg = Release|Any CPU
		{5386B222-64FA-43E8-BDAF-C27414EDAAE8}.Release|Any CPU.Build.0 = Release|Any CPU
		{19A5F1EF-DC30-4953-B1F9-EB8A7B797D76}.Debug|Any CPU.ActiveCfg = Debug|Any CPU
		{19A5F1EF-DC30-4953-B1F9-EB8A7B797D76}.Debug|Any CPU.Build.0 = Debug|Any CPU
		{19A5F1EF-DC30-4953-B1F9-EB8A7B797D76}.Release|Any CPU.ActiveCfg = Release|Any CPU
		{19A5F1EF-DC30-4953-B1F9-EB8A7B797D76}.Release|Any CPU.Build.0 = Release|Any CPU
		{2DDFE8A2-CD39-4B3E-991B-EA76B9FBE85C}.Debug|Any CPU.ActiveCfg = Debug|Any CPU
		{2DDFE8A2-CD39-4B3E-991B-EA76B9FBE85C}.Debug|Any CPU.Build.0 = Debug|Any CPU
		{2DDFE8A2-CD39-4B3E-991B-EA76B9FBE85C}.Release|Any CPU.ActiveCfg = Release|Any CPU
		{2DDFE8A2-CD39-4B3E-991B-EA76B9FBE85C}.Release|Any CPU.Build.0 = Release|Any CPU
		{F48AFA28-0AFD-41C1-B662-A88A5C40D1C0}.Debug|Any CPU.ActiveCfg = Debug|Any CPU
		{F48AFA28-0AFD-41C1-B662-A88A5C40D1C0}.Debug|Any CPU.Build.0 = Debug|Any CPU
		{F48AFA28-0AFD-41C1-B662-A88A5C40D1C0}.Release|Any CPU.ActiveCfg = Release|Any CPU
		{F48AFA28-0AFD-41C1-B662-A88A5C40D1C0}.Release|Any CPU.Build.0 = Release|Any CPU
		{997F33AF-C08C-4F99-B526-0D64CFF7F864}.Debug|Any CPU.ActiveCfg = Debug|Any CPU
		{997F33AF-C08C-4F99-B526-0D64CFF7F864}.Debug|Any CPU.Build.0 = Debug|Any CPU
		{997F33AF-C08C-4F99-B526-0D64CFF7F864}.Release|Any CPU.ActiveCfg = Release|Any CPU
		{997F33AF-C08C-4F99-B526-0D64CFF7F864}.Release|Any CPU.Build.0 = Release|Any CPU
		{264D69B9-6B04-4326-A4A2-C6978D11609D}.Debug|Any CPU.ActiveCfg = Debug|Any CPU
		{264D69B9-6B04-4326-A4A2-C6978D11609D}.Debug|Any CPU.Build.0 = Debug|Any CPU
		{264D69B9-6B04-4326-A4A2-C6978D11609D}.Release|Any CPU.ActiveCfg = Release|Any CPU
		{264D69B9-6B04-4326-A4A2-C6978D11609D}.Release|Any CPU.Build.0 = Release|Any CPU
		{55DAE230-9D8C-4BA8-B980-B1634F310109}.Debug|Any CPU.ActiveCfg = Debug|Any CPU
		{55DAE230-9D8C-4BA8-B980-B1634F310109}.Debug|Any CPU.Build.0 = Debug|Any CPU
		{55DAE230-9D8C-4BA8-B980-B1634F310109}.Release|Any CPU.ActiveCfg = Release|Any CPU
		{55DAE230-9D8C-4BA8-B980-B1634F310109}.Release|Any CPU.Build.0 = Release|Any CPU
		{58F42184-6574-41C4-9436-D7628240FAD2}.Debug|Any CPU.ActiveCfg = Debug|Any CPU
		{58F42184-6574-41C4-9436-D7628240FAD2}.Debug|Any CPU.Build.0 = Debug|Any CPU
		{58F42184-6574-41C4-9436-D7628240FAD2}.Release|Any CPU.ActiveCfg = Release|Any CPU
		{58F42184-6574-41C4-9436-D7628240FAD2}.Release|Any CPU.Build.0 = Release|Any CPU
	EndGlobalSection
	GlobalSection(SolutionProperties) = preSolution
		HideSolutionNode = FALSE
	EndGlobalSection
	GlobalSection(NestedProjects) = preSolution
		{6EB9F625-87F9-4BED-B402-7F3D43653C92} = {EE99A8DB-C086-4BB3-AC18-524402273DDE}
		{3DDBD3B7-8C82-4FF1-99CA-FA3DD6AC80B1} = {EE99A8DB-C086-4BB3-AC18-524402273DDE}
		{EE4B3D85-31FF-4637-866B-6FEABA4C1547} = {EE99A8DB-C086-4BB3-AC18-524402273DDE}
		{E7E40CBE-0A75-4E4D-BACD-C14CF33387DB} = {EE99A8DB-C086-4BB3-AC18-524402273DDE}
		{8B873AE6-51FF-453A-9315-504383F8978C} = {EE99A8DB-C086-4BB3-AC18-524402273DDE}
		{ADF13E3F-7F4F-4DBE-8AA3-3A4A4B25F6F3} = {EE99A8DB-C086-4BB3-AC18-524402273DDE}
		{656E96CD-2AE7-4662-84BF-EDBA244A4AB1} = {EE99A8DB-C086-4BB3-AC18-524402273DDE}
		{AEC7E43D-4ABD-4037-9709-7EBE040BD6D7} = {EE99A8DB-C086-4BB3-AC18-524402273DDE}
		{C00F7B2C-E4B3-47D9-8492-5F751A0C55B0} = {EE99A8DB-C086-4BB3-AC18-524402273DDE}
		{39CA91D4-6604-40DB-8673-610625E4C549} = {EE99A8DB-C086-4BB3-AC18-524402273DDE}
		{69817413-ED78-415F-B69E-5AAF265B7C81} = {EE99A8DB-C086-4BB3-AC18-524402273DDE}
		{63F95C5C-911D-4D35-A513-1D34FAD4F711} = {EE99A8DB-C086-4BB3-AC18-524402273DDE}
		{96F3CFB5-F175-40A9-BF12-B14E97FC0237} = {EE99A8DB-C086-4BB3-AC18-524402273DDE}
		{9AC34AC7-93A5-4A9D-86E6-911A218FAEF9} = {EE99A8DB-C086-4BB3-AC18-524402273DDE}
		{5EF5D936-4A99-443B-92D9-08D64349456E} = {EE99A8DB-C086-4BB3-AC18-524402273DDE}
		{E04912D3-8A3D-4DF4-AE3E-7A397DD0BF8A} = {EE99A8DB-C086-4BB3-AC18-524402273DDE}
		{3E45A3F6-19A0-425D-9295-1838A6F7DE44} = {82F8062F-C941-4ED1-B401-7921E2963310}
		{1BD5806C-C6B7-4B61-8394-860340D11998} = {82F8062F-C941-4ED1-B401-7921E2963310}
		{8F584788-C76A-428D-87EC-964C0CB90161} = {82F8062F-C941-4ED1-B401-7921E2963310}
		{61A50295-9D4C-4E8D-B670-46FCD54E6135} = {82F8062F-C941-4ED1-B401-7921E2963310}
		{0F1E7CC9-2A08-4952-98FE-E59A1524794A} = {2E2EEF8F-FE4C-4DA2-85D5-38582323C02B}
		{687D8CCC-708C-4CFF-BF26-2ACC39B40EEE} = {2E2EEF8F-FE4C-4DA2-85D5-38582323C02B}
		{F4669EAD-77E9-4DA5-9F00-7099EBD8F2EB} = {2E2EEF8F-FE4C-4DA2-85D5-38582323C02B}
		{EF697C12-841E-4432-A30F-7246BBF2FAE0} = {2E2EEF8F-FE4C-4DA2-85D5-38582323C02B}
		{57D5C6A1-6585-4EBB-85AF-3F7609E5083F} = {2E2EEF8F-FE4C-4DA2-85D5-38582323C02B}
		{FED4930E-4944-4DE3-9BE8-1E47DCEB184E} = {1467AC6B-BC2D-4572-B91A-097DB3543DEA}
		{00EB8B55-CE0A-43E5-8958-608B3095446F} = {1467AC6B-BC2D-4572-B91A-097DB3543DEA}
		{FD507B16-99A1-43B4-B6F7-BA95DB381971} = {1467AC6B-BC2D-4572-B91A-097DB3543DEA}
		{4ED9542F-7DEA-47F1-9041-DEE49AC0B937} = {1467AC6B-BC2D-4572-B91A-097DB3543DEA}
		{7B9EEFDC-AE86-4085-B36B-552E246312B4} = {1467AC6B-BC2D-4572-B91A-097DB3543DEA}
		{19EE3545-45DC-4A84-BEB1-477806BD527F} = {1467AC6B-BC2D-4572-B91A-097DB3543DEA}
		{1A94D11D-8BC5-47E3-9681-BE1CBA5A4266} = {1467AC6B-BC2D-4572-B91A-097DB3543DEA}
		{F599798F-D73A-4A4E-ABBC-F91CF5BD4EEA} = {2E2EEF8F-FE4C-4DA2-85D5-38582323C02B}
		{AA436A79-B0FD-4619-B1E1-6F09B3A00BD5} = {2E2EEF8F-FE4C-4DA2-85D5-38582323C02B}
		{6F61B34A-FE9B-45CE-8770-D04C8DFD653D} = {2E2EEF8F-FE4C-4DA2-85D5-38582323C02B}
		{F7681BD9-22F8-4A1A-B464-062234307C24} = {2E2EEF8F-FE4C-4DA2-85D5-38582323C02B}
		{B2C02040-20A2-4CF9-A41B-1305B7AAB85E} = {2E2EEF8F-FE4C-4DA2-85D5-38582323C02B}
		{BC67DE95-5BB3-4AE4-854B-8E8C2F34C82E} = {2E2EEF8F-FE4C-4DA2-85D5-38582323C02B}
		{AFA3DC0B-B517-44AF-8C95-69F5CF81B6A8} = {2E2EEF8F-FE4C-4DA2-85D5-38582323C02B}
		{8E238CA0-D69B-4A65-9E66-325542CBD0D6} = {33C509B8-C0F3-42B2-A878-D604AF531684}
		{FF29D3AD-37DE-413F-B5AA-D270168FC557} = {33C509B8-C0F3-42B2-A878-D604AF531684}
		{FA9A05A2-E08B-4785-890A-5A248393C9AE} = {33C509B8-C0F3-42B2-A878-D604AF531684}
		{508C833C-511C-4708-80AA-03610A0D9289} = {8898CD1E-29EC-4A02-B084-2B2789924042}
		{9F82F1D4-AE77-4174-AF9A-28384B1FE9D2} = {8898CD1E-29EC-4A02-B084-2B2789924042}
		{0CC9DAF2-8A19-4BE2-8CC0-527B0D53D3EC} = {8898CD1E-29EC-4A02-B084-2B2789924042}
		{60DF5348-827A-4439-A4F9-D50B2BB94216} = {8898CD1E-29EC-4A02-B084-2B2789924042}
		{13938BEA-F16A-45F3-B845-B0A4AB4367B2} = {8898CD1E-29EC-4A02-B084-2B2789924042}
		{5386B222-64FA-43E8-BDAF-C27414EDAAE8} = {8898CD1E-29EC-4A02-B084-2B2789924042}
		{19A5F1EF-DC30-4953-B1F9-EB8A7B797D76} = {8898CD1E-29EC-4A02-B084-2B2789924042}
		{2DDFE8A2-CD39-4B3E-991B-EA76B9FBE85C} = {8898CD1E-29EC-4A02-B084-2B2789924042}
		{F48AFA28-0AFD-41C1-B662-A88A5C40D1C0} = {8898CD1E-29EC-4A02-B084-2B2789924042}
		{997F33AF-C08C-4F99-B526-0D64CFF7F864} = {8898CD1E-29EC-4A02-B084-2B2789924042}
		{264D69B9-6B04-4326-A4A2-C6978D11609D} = {8898CD1E-29EC-4A02-B084-2B2789924042}
		{55DAE230-9D8C-4BA8-B980-B1634F310109} = {C1C665AE-1921-4BFE-BDC5-6B3032BE2FA2}
		{58F42184-6574-41C4-9436-D7628240FAD2} = {C1C665AE-1921-4BFE-BDC5-6B3032BE2FA2}
	EndGlobalSection
EndGlobal
