
Microsoft Visual Studio Solution File, Format Version 12.00
# Visual Studio 14
VisualStudioVersion = 14.0.25123.0
MinimumVisualStudioVersion = 10.0.40219.1
Project("{FAE04EC0-301F-11D3-BF4B-00C04F79EFBC}") = "CSharpPartTwo", "CSharpPartTwo\CSharpPartTwo.csproj", "{B4EAE034-2BB5-4B67-A352-189FBE82F02B}"
EndProject
Project("{2150E333-8FDC-42A3-9474-1A3956D46DE8}") = "Array", "Array", "{EE99A8DB-C086-4BB3-AC18-524402273DDE}"
EndProject
Project("{FAE04EC0-301F-11D3-BF4B-00C04F79EFBC}") = "Arrays", "Arrays\Arrays.csproj", "{6EB9F625-87F9-4BED-B402-7F3D43653C92}"
EndProject
Project("{FAE04EC0-301F-11D3-BF4B-00C04F79EFBC}") = "CompareArrays", "CompareArrays\CompareArrays.csproj", "{3DDBD3B7-8C82-4FF1-99CA-FA3DD6AC80B1}"
EndProject
Project("{FAE04EC0-301F-11D3-BF4B-00C04F79EFBC}") = "CharArray", "CharArray\CharArray.csproj", "{EE4B3D85-31FF-4637-866B-6FEABA4C1547}"
EndProject
Project("{FAE04EC0-301F-11D3-BF4B-00C04F79EFBC}") = "MaxSequance", "MaxSequance\MaxSequance.csproj", "{E7E40CBE-0A75-4E4D-BACD-C14CF33387DB}"
EndProject
Project("{FAE04EC0-301F-11D3-BF4B-00C04F79EFBC}") = "maxEncreasingsequance", "maxEncreasingsequance\maxEncreasingsequance.csproj", "{8B873AE6-51FF-453A-9315-504383F8978C}"
EndProject
Project("{FAE04EC0-301F-11D3-BF4B-00C04F79EFBC}") = "MaxKSum", "MaxKSum\MaxKSum.csproj", "{ADF13E3F-7F4F-4DBE-8AA3-3A4A4B25F6F3}"
EndProject
Project("{FAE04EC0-301F-11D3-BF4B-00C04F79EFBC}") = "SelectionSort", "SelectionSort\SelectionSort.csproj", "{656E96CD-2AE7-4662-84BF-EDBA244A4AB1}"
EndProject
Project("{FAE04EC0-301F-11D3-BF4B-00C04F79EFBC}") = "MaximumSum", "MaximumSum\MaximumSum.csproj", "{AEC7E43D-4ABD-4037-9709-7EBE040BD6D7}"
EndProject
Project("{FAE04EC0-301F-11D3-BF4B-00C04F79EFBC}") = "frequantNumber", "frequantNumber\frequantNumber.csproj", "{C00F7B2C-E4B3-47D9-8492-5F751A0C55B0}"
EndProject
Project("{FAE04EC0-301F-11D3-BF4B-00C04F79EFBC}") = "BinarySearch", "BinarySearch\BinarySearch.csproj", "{39CA91D4-6604-40DB-8673-610625E4C549}"
EndProject
Project("{FAE04EC0-301F-11D3-BF4B-00C04F79EFBC}") = "IndexOfLetters", "IndexOfLetters\IndexOfLetters.csproj", "{69817413-ED78-415F-B69E-5AAF265B7C81}"
EndProject
Project("{FAE04EC0-301F-11D3-BF4B-00C04F79EFBC}") = "MargeSort", "MargeSort\MargeSort.csproj", "{63F95C5C-911D-4D35-A513-1D34FAD4F711}"
EndProject
Project("{FAE04EC0-301F-11D3-BF4B-00C04F79EFBC}") = "QuikSort", "QuikSort\QuikSort.csproj", "{96F3CFB5-F175-40A9-BF12-B14E97FC0237}"
EndProject
Project("{FAE04EC0-301F-11D3-BF4B-00C04F79EFBC}") = "PrimNumbers", "PrimNumbers\PrimNumbers.csproj", "{9AC34AC7-93A5-4A9D-86E6-911A218FAEF9}"
EndProject
Project("{FAE04EC0-301F-11D3-BF4B-00C04F79EFBC}") = "ReoveElement", "ReoveElement\ReoveElement.csproj", "{5EF5D936-4A99-443B-92D9-08D64349456E}"
EndProject
Project("{FAE04EC0-301F-11D3-BF4B-00C04F79EFBC}") = "FillTheMarix", "FillTheMarix\FillTheMarix.csproj", "{E04912D3-8A3D-4DF4-AE3E-7A397DD0BF8A}"
EndProject
Global
	GlobalSection(SolutionConfigurationPlatforms) = preSolution
		Debug|Any CPU = Debug|Any CPU
		Release|Any CPU = Release|Any CPU
	EndGlobalSection
	GlobalSection(ProjectConfigurationPlatforms) = postSolution
		{B4EAE034-2BB5-4B67-A352-189FBE82F02B}.Debug|Any CPU.ActiveCfg = Debug|Any CPU
		{B4EAE034-2BB5-4B67-A352-189FBE82F02B}.Debug|Any CPU.Build.0 = Debug|Any CPU
		{B4EAE034-2BB5-4B67-A352-189FBE82F02B}.Release|Any CPU.ActiveCfg = Release|Any CPU
		{B4EAE034-2BB5-4B67-A352-189FBE82F02B}.Release|Any CPU.Build.0 = Release|Any CPU
		{6EB9F625-87F9-4BED-B402-7F3D43653C92}.Debug|Any CPU.ActiveCfg = Debug|Any CPU
		{6EB9F625-87F9-4BED-B402-7F3D43653C92}.Debug|Any CPU.Build.0 = Debug|Any CPU
		{6EB9F625-87F9-4BED-B402-7F3D43653C92}.Release|Any CPU.ActiveCfg = Release|Any CPU
		{6EB9F625-87F9-4BED-B402-7F3D43653C92}.Release|Any CPU.Build.0 = Release|Any CPU
		{3DDBD3B7-8C82-4FF1-99CA-FA3DD6AC80B1}.Debug|Any CPU.ActiveCfg = Debug|Any CPU
		{3DDBD3B7-8C82-4FF1-99CA-FA3DD6AC80B1}.Debug|Any CPU.Build.0 = Debug|Any CPU
		{3DDBD3B7-8C82-4FF1-99CA-FA3DD6AC80B1}.Release|Any CPU.ActiveCfg = Release|Any CPU
		{3DDBD3B7-8C82-4FF1-99CA-FA3DD6AC80B1}.Release|Any CPU.Build.0 = Release|Any CPU
		{EE4B3D85-31FF-4637-866B-6FEABA4C1547}.Debug|Any CPU.ActiveCfg = Debug|Any CPU
		{EE4B3D85-31FF-4637-866B-6FEABA4C1547}.Debug|Any CPU.Build.0 = Debug|Any CPU
		{EE4B3D85-31FF-4637-866B-6FEABA4C1547}.Release|Any CPU.ActiveCfg = Release|Any CPU
		{EE4B3D85-31FF-4637-866B-6FEABA4C1547}.Release|Any CPU.Build.0 = Release|Any CPU
		{E7E40CBE-0A75-4E4D-BACD-C14CF33387DB}.Debug|Any CPU.ActiveCfg = Debug|Any CPU
		{E7E40CBE-0A75-4E4D-BACD-C14CF33387DB}.Debug|Any CPU.Build.0 = Debug|Any CPU
		{E7E40CBE-0A75-4E4D-BACD-C14CF33387DB}.Release|Any CPU.ActiveCfg = Release|Any CPU
		{E7E40CBE-0A75-4E4D-BACD-C14CF33387DB}.Release|Any CPU.Build.0 = Release|Any CPU
		{8B873AE6-51FF-453A-9315-504383F8978C}.Debug|Any CPU.ActiveCfg = Debug|Any CPU
		{8B873AE6-51FF-453A-9315-504383F8978C}.Debug|Any CPU.Build.0 = Debug|Any CPU
		{8B873AE6-51FF-453A-9315-504383F8978C}.Release|Any CPU.ActiveCfg = Release|Any CPU
		{8B873AE6-51FF-453A-9315-504383F8978C}.Release|Any CPU.Build.0 = Release|Any CPU
		{ADF13E3F-7F4F-4DBE-8AA3-3A4A4B25F6F3}.Debug|Any CPU.ActiveCfg = Debug|Any CPU
		{ADF13E3F-7F4F-4DBE-8AA3-3A4A4B25F6F3}.Debug|Any CPU.Build.0 = Debug|Any CPU
		{ADF13E3F-7F4F-4DBE-8AA3-3A4A4B25F6F3}.Release|Any CPU.ActiveCfg = Release|Any CPU
		{ADF13E3F-7F4F-4DBE-8AA3-3A4A4B25F6F3}.Release|Any CPU.Build.0 = Release|Any CPU
		{656E96CD-2AE7-4662-84BF-EDBA244A4AB1}.Debug|Any CPU.ActiveCfg = Debug|Any CPU
		{656E96CD-2AE7-4662-84BF-EDBA244A4AB1}.Debug|Any CPU.Build.0 = Debug|Any CPU
		{656E96CD-2AE7-4662-84BF-EDBA244A4AB1}.Release|Any CPU.ActiveCfg = Release|Any CPU
		{656E96CD-2AE7-4662-84BF-EDBA244A4AB1}.Release|Any CPU.Build.0 = Release|Any CPU
		{AEC7E43D-4ABD-4037-9709-7EBE040BD6D7}.Debug|Any CPU.ActiveCfg = Debug|Any CPU
		{AEC7E43D-4ABD-4037-9709-7EBE040BD6D7}.Debug|Any CPU.Build.0 = Debug|Any CPU
		{AEC7E43D-4ABD-4037-9709-7EBE040BD6D7}.Release|Any CPU.ActiveCfg = Release|Any CPU
		{AEC7E43D-4ABD-4037-9709-7EBE040BD6D7}.Release|Any CPU.Build.0 = Release|Any CPU
		{C00F7B2C-E4B3-47D9-8492-5F751A0C55B0}.Debug|Any CPU.ActiveCfg = Debug|Any CPU
		{C00F7B2C-E4B3-47D9-8492-5F751A0C55B0}.Debug|Any CPU.Build.0 = Debug|Any CPU
		{C00F7B2C-E4B3-47D9-8492-5F751A0C55B0}.Release|Any CPU.ActiveCfg = Release|Any CPU
		{C00F7B2C-E4B3-47D9-8492-5F751A0C55B0}.Release|Any CPU.Build.0 = Release|Any CPU
		{39CA91D4-6604-40DB-8673-610625E4C549}.Debug|Any CPU.ActiveCfg = Debug|Any CPU
		{39CA91D4-6604-40DB-8673-610625E4C549}.Debug|Any CPU.Build.0 = Debug|Any CPU
		{39CA91D4-6604-40DB-8673-610625E4C549}.Release|Any CPU.ActiveCfg = Release|Any CPU
		{39CA91D4-6604-40DB-8673-610625E4C549}.Release|Any CPU.Build.0 = Release|Any CPU
		{69817413-ED78-415F-B69E-5AAF265B7C81}.Debug|Any CPU.ActiveCfg = Debug|Any CPU
		{69817413-ED78-415F-B69E-5AAF265B7C81}.Debug|Any CPU.Build.0 = Debug|Any CPU
		{69817413-ED78-415F-B69E-5AAF265B7C81}.Release|Any CPU.ActiveCfg = Release|Any CPU
		{69817413-ED78-415F-B69E-5AAF265B7C81}.Release|Any CPU.Build.0 = Release|Any CPU
		{63F95C5C-911D-4D35-A513-1D34FAD4F711}.Debug|Any CPU.ActiveCfg = Debug|Any CPU
		{63F95C5C-911D-4D35-A513-1D34FAD4F711}.Debug|Any CPU.Build.0 = Debug|Any CPU
		{63F95C5C-911D-4D35-A513-1D34FAD4F711}.Release|Any CPU.ActiveCfg = Release|Any CPU
		{63F95C5C-911D-4D35-A513-1D34FAD4F711}.Release|Any CPU.Build.0 = Release|Any CPU
		{96F3CFB5-F175-40A9-BF12-B14E97FC0237}.Debug|Any CPU.ActiveCfg = Debug|Any CPU
		{96F3CFB5-F175-40A9-BF12-B14E97FC0237}.Debug|Any CPU.Build.0 = Debug|Any CPU
		{96F3CFB5-F175-40A9-BF12-B14E97FC0237}.Release|Any CPU.ActiveCfg = Release|Any CPU
		{96F3CFB5-F175-40A9-BF12-B14E97FC0237}.Release|Any CPU.Build.0 = Release|Any CPU
		{9AC34AC7-93A5-4A9D-86E6-911A218FAEF9}.Debug|Any CPU.ActiveCfg = Debug|Any CPU
		{9AC34AC7-93A5-4A9D-86E6-911A218FAEF9}.Debug|Any CPU.Build.0 = Debug|Any CPU
		{9AC34AC7-93A5-4A9D-86E6-911A218FAEF9}.Release|Any CPU.ActiveCfg = Release|Any CPU
		{9AC34AC7-93A5-4A9D-86E6-911A218FAEF9}.Release|Any CPU.Build.0 = Release|Any CPU
		{5EF5D936-4A99-443B-92D9-08D64349456E}.Debug|Any CPU.ActiveCfg = Debug|Any CPU
		{5EF5D936-4A99-443B-92D9-08D64349456E}.Debug|Any CPU.Build.0 = Debug|Any CPU
		{5EF5D936-4A99-443B-92D9-08D64349456E}.Release|Any CPU.ActiveCfg = Release|Any CPU
		{5EF5D936-4A99-443B-92D9-08D64349456E}.Release|Any CPU.Build.0 = Release|Any CPU
		{E04912D3-8A3D-4DF4-AE3E-7A397DD0BF8A}.Debug|Any CPU.ActiveCfg = Debug|Any CPU
		{E04912D3-8A3D-4DF4-AE3E-7A397DD0BF8A}.Debug|Any CPU.Build.0 = Debug|Any CPU
		{E04912D3-8A3D-4DF4-AE3E-7A397DD0BF8A}.Release|Any CPU.ActiveCfg = Release|Any CPU
		{E04912D3-8A3D-4DF4-AE3E-7A397DD0BF8A}.Release|Any CPU.Build.0 = Release|Any CPU
	EndGlobalSection
	GlobalSection(SolutionProperties) = preSolution
		HideSolutionNode = FALSE
	EndGlobalSection
	GlobalSection(NestedProjects) = preSolution
		{6EB9F625-87F9-4BED-B402-7F3D43653C92} = {EE99A8DB-C086-4BB3-AC18-524402273DDE}
		{3DDBD3B7-8C82-4FF1-99CA-FA3DD6AC80B1} = {EE99A8DB-C086-4BB3-AC18-524402273DDE}
		{EE4B3D85-31FF-4637-866B-6FEABA4C1547} = {EE99A8DB-C086-4BB3-AC18-524402273DDE}
		{E7E40CBE-0A75-4E4D-BACD-C14CF33387DB} = {EE99A8DB-C086-4BB3-AC18-524402273DDE}
		{8B873AE6-51FF-453A-9315-504383F8978C} = {EE99A8DB-C086-4BB3-AC18-524402273DDE}
		{ADF13E3F-7F4F-4DBE-8AA3-3A4A4B25F6F3} = {EE99A8DB-C086-4BB3-AC18-524402273DDE}
		{656E96CD-2AE7-4662-84BF-EDBA244A4AB1} = {EE99A8DB-C086-4BB3-AC18-524402273DDE}
		{AEC7E43D-4ABD-4037-9709-7EBE040BD6D7} = {EE99A8DB-C086-4BB3-AC18-524402273DDE}
		{C00F7B2C-E4B3-47D9-8492-5F751A0C55B0} = {EE99A8DB-C086-4BB3-AC18-524402273DDE}
		{39CA91D4-6604-40DB-8673-610625E4C549} = {EE99A8DB-C086-4BB3-AC18-524402273DDE}
		{69817413-ED78-415F-B69E-5AAF265B7C81} = {EE99A8DB-C086-4BB3-AC18-524402273DDE}
		{63F95C5C-911D-4D35-A513-1D34FAD4F711} = {EE99A8DB-C086-4BB3-AC18-524402273DDE}
		{96F3CFB5-F175-40A9-BF12-B14E97FC0237} = {EE99A8DB-C086-4BB3-AC18-524402273DDE}
		{9AC34AC7-93A5-4A9D-86E6-911A218FAEF9} = {EE99A8DB-C086-4BB3-AC18-524402273DDE}
		{5EF5D936-4A99-443B-92D9-08D64349456E} = {EE99A8DB-C086-4BB3-AC18-524402273DDE}
		{E04912D3-8A3D-4DF4-AE3E-7A397DD0BF8A} = {EE99A8DB-C086-4BB3-AC18-524402273DDE}
	EndGlobalSection
EndGlobal
